// !$*UTF8*$!
{
	archiveVersion = 1;
	classes = {
	};
	objectVersion = 46;
	objects = {

/* Begin PBXBuildFile section */
		097E84C31CE07F3700218256 /* AppDelegate.swift in Sources */ = {isa = PBXBuildFile; fileRef = 097E84C21CE07F3700218256 /* AppDelegate.swift */; };
		097E84C51CE07F3700218256 /* ViewController.swift in Sources */ = {isa = PBXBuildFile; fileRef = 097E84C41CE07F3700218256 /* ViewController.swift */; };
		097E84C81CE07F3700218256 /* Main.storyboard in Resources */ = {isa = PBXBuildFile; fileRef = 097E84C61CE07F3700218256 /* Main.storyboard */; };
		097E84CA1CE07F3700218256 /* Assets.xcassets in Resources */ = {isa = PBXBuildFile; fileRef = 097E84C91CE07F3700218256 /* Assets.xcassets */; };
		097E84CD1CE07F3700218256 /* LaunchScreen.storyboard in Resources */ = {isa = PBXBuildFile; fileRef = 097E84CB1CE07F3700218256 /* LaunchScreen.storyboard */; };
		099BD8611CE3187E00BF7D7F /* felipa.jpeg in Resources */ = {isa = PBXBuildFile; fileRef = 099BD85F1CE3187E00BF7D7F /* felipa.jpeg */; };
		099BD8621CE3187E00BF7D7F /* mario.jpeg in Resources */ = {isa = PBXBuildFile; fileRef = 099BD8601CE3187E00BF7D7F /* mario.jpeg */; };
		099BD8641CE3198000BF7D7F /* SYImagenesViewController.swift in Sources */ = {isa = PBXBuildFile; fileRef = 099BD8631CE3198000BF7D7F /* SYImagenesViewController.swift */; };
/* End PBXBuildFile section */

/* Begin PBXFileReference section */
		097E84BF1CE07F3600218256 /* App_EdadDeMiPerro.app */ = {isa = PBXFileReference; explicitFileType = wrapper.application; includeInIndex = 0; path = App_EdadDeMiPerro.app; sourceTree = BUILT_PRODUCTS_DIR; };
		097E84C21CE07F3700218256 /* AppDelegate.swift */ = {isa = PBXFileReference; lastKnownFileType = sourcecode.swift; path = AppDelegate.swift; sourceTree = "<group>"; };
		097E84C41CE07F3700218256 /* ViewController.swift */ = {isa = PBXFileReference; lastKnownFileType = sourcecode.swift; path = ViewController.swift; sourceTree = "<group>"; };
		097E84C71CE07F3700218256 /* Base */ = {isa = PBXFileReference; lastKnownFileType = file.storyboard; name = Base; path = Base.lproj/Main.storyboard; sourceTree = "<group>"; };
		097E84C91CE07F3700218256 /* Assets.xcassets */ = {isa = PBXFileReference; lastKnownFileType = folder.assetcatalog; path = Assets.xcassets; sourceTree = "<group>"; };
		097E84CC1CE07F3700218256 /* Base */ = {isa = PBXFileReference; lastKnownFileType = file.storyboard; name = Base; path = Base.lproj/LaunchScreen.storyboard; sourceTree = "<group>"; };
		097E84CE1CE07F3700218256 /* Info.plist */ = {isa = PBXFileReference; lastKnownFileType = text.plist.xml; path = Info.plist; sourceTree = "<group>"; };
		099BD85F1CE3187E00BF7D7F /* felipa.jpeg */ = {isa = PBXFileReference; lastKnownFileType = image.jpeg; path = felipa.jpeg; sourceTree = "<group>"; };
		099BD8601CE3187E00BF7D7F /* mario.jpeg */ = {isa = PBXFileReference; lastKnownFileType = image.jpeg; path = mario.jpeg; sourceTree = "<group>"; };
		099BD8631CE3198000BF7D7F /* SYImagenesViewController.swift */ = {isa = PBXFileReference; fileEncoding = 4; lastKnownFileType = sourcecode.swift; path = SYImagenesViewController.swift; sourceTree = "<group>"; };
/* End PBXFileReference section */

/* Begin PBXFrameworksBuildPhase section */
		097E84BC1CE07F3600218256 /* Frameworks */ = {
			isa = PBXFrameworksBuildPhase;
			buildActionMask = 2147483647;
			files = (
			);
			runOnlyForDeploymentPostprocessing = 0;
		};
/* End PBXFrameworksBuildPhase section */

/* Begin PBXGroup section */
		097E84B61CE07F3600218256 = {
			isa = PBXGroup;
			children = (
				097E84C11CE07F3700218256 /* App_EdadDeMiPerro */,
				097E84C01CE07F3600218256 /* Products */,
			);
			sourceTree = "<group>";
		};
		097E84C01CE07F3600218256 /* Products */ = {
			isa = PBXGroup;
			children = (
				097E84BF1CE07F3600218256 /* App_EdadDeMiPerro.app */,
			);
			name = Products;
			sourceTree = "<group>";
		};
		097E84C11CE07F3700218256 /* App_EdadDeMiPerro */ = {
			isa = PBXGroup;
			children = (
				099BD85F1CE3187E00BF7D7F /* felipa.jpeg */,
				099BD8601CE3187E00BF7D7F /* mario.jpeg */,
				097E84C21CE07F3700218256 /* AppDelegate.swift */,
				097E84C41CE07F3700218256 /* ViewController.swift */,
				099BD8631CE3198000BF7D7F /* SYImagenesViewController.swift */,
				097E84C61CE07F3700218256 /* Main.storyboard */,
				097E84C91CE07F3700218256 /* Assets.xcassets */,
				097E84CB1CE07F3700218256 /* LaunchScreen.storyboard */,
				097E84CE1CE07F3700218256 /* Info.plist */,
			);
			path = App_EdadDeMiPerro;
			sourceTree = "<group>";
		};
/* End PBXGroup section */

/* Begin PBXNativeTarget section */
		097E84BE1CE07F3600218256 /* App_EdadDeMiPerro */ = {
			isa = PBXNativeTarget;
			buildConfigurationList = 097E84D11CE07F3700218256 /* Build configuration list for PBXNativeTarget "App_EdadDeMiPerro" */;
			buildPhases = (
				097E84BB1CE07F3600218256 /* Sources */,
				097E84BC1CE07F3600218256 /* Frameworks */,
				097E84BD1CE07F3600218256 /* Resources */,
			);
			buildRules = (
			);
			dependencies = (
			);
			name = App_EdadDeMiPerro;
			productName = App_EdadDeMiPerro;
			productReference = 097E84BF1CE07F3600218256 /* App_EdadDeMiPerro.app */;
			productType = "com.apple.product-type.application";
		};
/* End PBXNativeTarget section */

/* Begin PBXProject section */
		097E84B71CE07F3600218256 /* Project object */ = {
			isa = PBXProject;
			attributes = {
				LastSwiftUpdateCheck = 0730;
				LastUpgradeCheck = 0730;
				ORGANIZATIONNAME = Cice;
				TargetAttributes = {
					097E84BE1CE07F3600218256 = {
						CreatedOnToolsVersion = 7.3;
					};
				};
			};
			buildConfigurationList = 097E84BA1CE07F3600218256 /* Build configuration list for PBXProject "App_EdadDeMiPerro" */;
			compatibilityVersion = "Xcode 3.2";
			developmentRegion = English;
			hasScannedForEncodings = 0;
			knownRegions = (
				en,
				Base,
			);
			mainGroup = 097E84B61CE07F3600218256;
			productRefGroup = 097E84C01CE07F3600218256 /* Products */;
			projectDirPath = "";
			projectRoot = "";
			targets = (
				097E84BE1CE07F3600218256 /* App_EdadDeMiPerro */,
			);
		};
/* End PBXProject section */

/* Begin PBXResourcesBuildPhase section */
		097E84BD1CE07F3600218256 /* Resources */ = {
			isa = PBXResourcesBuildPhase;
			buildActionMask = 2147483647;
			files = (
				099BD8611CE3187E00BF7D7F /* felipa.jpeg in Resources */,
				099BD8621CE3187E00BF7D7F /* mario.jpeg in Resources */,
				097E84CD1CE07F3700218256 /* LaunchScreen.storyboard in Resources */,
				097E84CA1CE07F3700218256 /* Assets.xcassets in Resources */,
				097E84C81CE07F3700218256 /* Main.storyboard in Resources */,
			);
			runOnlyForDeploymentPostprocessing = 0;
		};
/* End PBXResourcesBuildPhase section */

/* Begin PBXSourcesBuildPhase section */
		097E84BB1CE07F3600218256 /* Sources */ = {
			isa = PBXSourcesBuildPhase;
			buildActionMask = 2147483647;
			files = (
				099BD8641CE3198000BF7D7F /* SYImagenesViewController.swift in Sources */,
				097E84C51CE07F3700218256 /* ViewController.swift in Sources */,
				097E84C31CE07F3700218256 /* AppDelegate.swift in Sources */,
			);
			runOnlyForDeploymentPostprocessing = 0;
		};
/* End PBXSourcesBuildPhase section */

/* Begin PBXVariantGroup section */
		097E84C61CE07F3700218256 /* Main.storyboard */ = {
			isa = PBXVariantGroup;
			children = (
				097E84C71CE07F3700218256 /* Base */,
			);
			name = Main.storyboard;
			sourceTree = "<group>";
		};
		097E84CB1CE07F3700218256 /* LaunchScreen.storyboard */ = {
			isa = PBXVariantGroup;
			children = (
				097E84CC1CE07F3700218256 /* Base */,
			);
			name = LaunchScreen.storyboard;
			sourceTree = "<group>";
		};
/* End PBXVariantGroup section */

/* Begin XCBuildConfiguration section */
		097E84CF1CE07F3700218256 /* Debug */ = {
			isa = XCBuildConfiguration;
			buildSettings = {
				ALWAYS_SEARCH_USER_PATHS = NO;
				CLANG_ANALYZER_NONNULL = YES;
				CLANG_CXX_LANGUAGE_STANDARD = "gnu++0x";
				CLANG_CXX_LIBRARY = "libc++";
				CLANG_ENABLE_MODULES = YES;
				CLANG_ENABLE_OBJC_ARC = YES;
				CLANG_WARN_BOOL_CONVERSION = YES;
				CLANG_WARN_CONSTANT_CONVERSION = YES;
				CLANG_WARN_DIRECT_OBJC_ISA_USAGE = YES_ERROR;
				CLANG_WARN_EMPTY_BODY = YES;
				CLANG_WARN_ENUM_CONVERSION = YES;
				CLANG_WARN_INT_CONVERSION = YES;
				CLANG_WARN_OBJC_ROOT_CLASS = YES_ERROR;
				CLANG_WARN_UNREACHABLE_CODE = YES;
				CLANG_WARN__DUPLICATE_METHOD_MATCH = YES;
				"CODE_SIGN_IDENTITY[sdk=iphoneos*]" = "iPhone Developer";
				COPY_PHASE_STRIP = NO;
				DEBUG_INFORMATION_FORMAT = dwarf;
				ENABLE_STRICT_OBJC_MSGSEND = YES;
				ENABLE_TESTABILITY = YES;
				GCC_C_LANGUAGE_STANDARD = gnu99;
				GCC_DYNAMIC_NO_PIC = NO;
				GCC_NO_COMMON_BLOCKS = YES;
				GCC_OPTIMIZATION_LEVEL = 0;
				GCC_PREPROCESSOR_DEFINITIONS = (
					"DEBUG=1",
					"$(inherited)",
				);
				GCC_WARN_64_TO_32_BIT_CONVERSION = YES;
				GCC_WARN_ABOUT_RETURN_TYPE = YES_ERROR;
				GCC_WARN_UNDECLARED_SELECTOR = YES;
				GCC_WARN_UNINITIALIZED_AUTOS = YES_AGGRESSIVE;
				GCC_WARN_UNUSED_FUNCTION = YES;
				GCC_WARN_UNUSED_VARIABLE = YES;
				IPHONEOS_DEPLOYMENT_TARGET = 9.3;
				MTL_ENABLE_DEBUG_INFO = YES;
				ONLY_ACTIVE_ARCH = YES;
				SDKROOT = iphoneos;
				SWIFT_OPTIMIZATION_LEVEL = "-Onone";
			};
			name = Debug;
		};
		097E84D01CE07F3700218256 /* Release */ = {
			isa = XCBuildConfiguration;
			buildSettings = {
				ALWAYS_SEARCH_USER_PATHS = NO;
				CLANG_ANALYZER_NONNULL = YES;
				CLANG_CXX_LANGUAGE_STANDARD = "gnu++0x";
				CLANG_CXX_LIBRARY = "libc++";
				CLANG_ENABLE_MODULES = YES;
				CLANG_ENABLE_OBJC_ARC = YES;
				CLANG_WARN_BOOL_CONVERSION = YES;
				CLANG_WARN_CONSTANT_CONVERSION = YES;
				CLANG_WARN_DIRECT_OBJC_ISA_USAGE = YES_ERROR;
				CLANG_WARN_EMPTY_BODY = YES;
				CLANG_WARN_ENUM_CONVERSION = YES;
				CLANG_WARN_INT_CONVERSION = YES;
				CLANG_WARN_OBJC_ROOT_CLASS = YES_ERROR;
				CLANG_WARN_UNREACHABLE_CODE = YES;
				CLANG_WARN__DUPLICATE_METHOD_MATCH = YES;
				"CODE_SIGN_IDENTITY[sdk=iphoneos*]" = "iPhone Developer";
				COPY_PHASE_STRIP = NO;
				DEBUG_INFORMATION_FORMAT = "dwarf-with-dsym";
				ENABLE_NS_ASSERTIONS = NO;
				ENABLE_STRICT_OBJC_MSGSEND = YES;
				GCC_C_LANGUAGE_STANDARD = gnu99;
				GCC_NO_COMMON_BLOCKS = YES;
				GCC_WARN_64_TO_32_BIT_CONVERSION = YES;
				GCC_WARN_ABOUT_RETURN_TYPE = YES_ERROR;
				GCC_WARN_UNDECLARED_SELECTOR = YES;
				GCC_WARN_UNINITIALIZED_AUTOS = YES_AGGRESSIVE;
				GCC_WARN_UNUSED_FUNCTION = YES;
				GCC_WARN_UNUSED_VARIABLE = YES;
				IPHONEOS_DEPLOYMENT_TARGET = 9.3;
				MTL_ENABLE_DEBUG_INFO = NO;
				SDKROOT = iphoneos;
				VALIDATE_PRODUCT = YES;
			};
			name = Release;
		};
		097E84D21CE07F3700218256 /* Debug */ = {
			isa = XCBuildConfiguration;
			buildSettings = {
				ASSETCATALOG_COMPILER_APPICON_NAME = AppIcon;
				INFOPLIST_FILE = App_EdadDeMiPerro/Info.plist;
				IPHONEOS_DEPLOYMENT_TARGET = 9.0;
				LD_RUNPATH_SEARCH_PATHS = "$(inherited) @executable_path/Frameworks";
				PRODUCT_BUNDLE_IDENTIFIER = "es.cice.App-EdadDeMiPerro";
				PRODUCT_NAME = "$(TARGET_NAME)";
			};
			name = Debug;
		};
		097E84D31CE07F3700218256 /* Release */ = {
			isa = XCBuildConfiguration;
			buildSettings = {
				ASSETCATALOG_COMPILER_APPICON_NAME = AppIcon;
				INFOPLIST_FILE = App_EdadDeMiPerro/Info.plist;
				IPHONEOS_DEPLOYMENT_TARGET = 9.0;
				LD_RUNPATH_SEARCH_PATHS = "$(inherited) @executable_path/Frameworks";
				PRODUCT_BUNDLE_IDENTIFIER = "es.cice.App-EdadDeMiPerro";
				PRODUCT_NAME = "$(TARGET_NAME)";
			};
			name = Release;
		};
/* End XCBuildConfiguration section */

/* Begin XCConfigurationList section */
		097E84BA1CE07F3600218256 /* Build configuration list for PBXProject "App_EdadDeMiPerro" */ = {
			isa = XCConfigurationList;
			buildConfigurations = (
				097E84CF1CE07F3700218256 /* Debug */,
				097E84D01CE07F3700218256 /* Release */,
			);
			defaultConfigurationIsVisible = 0;
			defaultConfigurationName = Release;
		};
		097E84D11CE07F3700218256 /* Build configuration list for PBXNativeTarget "App_EdadDeMiPerro" */ = {
			isa = XCConfigurationList;
			buildConfigurations = (
				097E84D21CE07F3700218256 /* Debug */,
				097E84D31CE07F3700218256 /* Release */,
			);
			defaultConfigurationIsVisible = 0;
			defaultConfigurationName = Release;
		};
/* End XCConfigurationList section */
	};
	rootObject = 097E84B71CE07F3600218256 /* Project object */;
}
