// !$*UTF8*$!
{
	archiveVersion = 1;
	classes = {
	};
	objectVersion = 46;
	objects = {

/* Begin PBXBuildFile section */
		09977D6B1D23B72E00DF5F9C /* SYBCategoriasTableViewController.swift in Sources */ = {isa = PBXBuildFile; fileRef = 09977D6A1D23B72E00DF5F9C /* SYBCategoriasTableViewController.swift */; };
		09977D6D1D23B74F00DF5F9C /* SYBNuevaTareaViewController.swift in Sources */ = {isa = PBXBuildFile; fileRef = 09977D6C1D23B74F00DF5F9C /* SYBNuevaTareaViewController.swift */; };
		09977D701D23BC1000DF5F9C /* placeholder.jpg in Resources */ = {isa = PBXBuildFile; fileRef = 09977D6F1D23BC1000DF5F9C /* placeholder.jpg */; };
		099E7EC61D17EEA7009CD779 /* AppDelegate.swift in Sources */ = {isa = PBXBuildFile; fileRef = 099E7EC51D17EEA7009CD779 /* AppDelegate.swift */; };
		099E7ECB1D17EEA7009CD779 /* Main.storyboard in Resources */ = {isa = PBXBuildFile; fileRef = 099E7EC91D17EEA7009CD779 /* Main.storyboard */; };
		099E7ECD1D17EEA7009CD779 /* Assets.xcassets in Resources */ = {isa = PBXBuildFile; fileRef = 099E7ECC1D17EEA7009CD779 /* Assets.xcassets */; };
		099E7ED01D17EEA7009CD779 /* LaunchScreen.storyboard in Resources */ = {isa = PBXBuildFile; fileRef = 099E7ECE1D17EEA7009CD779 /* LaunchScreen.storyboard */; };
		09D10F821D210BC600FA5E72 /* Contactos.plist in Resources */ = {isa = PBXBuildFile; fileRef = 09D10F811D210BC600FA5E72 /* Contactos.plist */; };
		09D10F8A1D210D7200FA5E72 /* SYBContactosTableViewController.swift in Sources */ = {isa = PBXBuildFile; fileRef = 09D10F891D210D7200FA5E72 /* SYBContactosTableViewController.swift */; };
		09D10F8C1D210DD700FA5E72 /* SYBContactosCustomCell.swift in Sources */ = {isa = PBXBuildFile; fileRef = 09D10F8B1D210DD700FA5E72 /* SYBContactosCustomCell.swift */; };
		09D10F8E1D210DFA00FA5E72 /* SYBContactoViewController.swift in Sources */ = {isa = PBXBuildFile; fileRef = 09D10F8D1D210DFA00FA5E72 /* SYBContactoViewController.swift */; };
		09D10FA11D211B5E00FA5E72 /* backPerfil.png in Resources */ = {isa = PBXBuildFile; fileRef = 09D10F9C1D211B5E00FA5E72 /* backPerfil.png */; };
		09D10FA21D211B5E00FA5E72 /* brad_pitt.jpg in Resources */ = {isa = PBXBuildFile; fileRef = 09D10F9D1D211B5E00FA5E72 /* brad_pitt.jpg */; };
		09D10FA41D211B5E00FA5E72 /* deep.jpg in Resources */ = {isa = PBXBuildFile; fileRef = 09D10F9F1D211B5E00FA5E72 /* deep.jpg */; };
		09D10FA51D211B5E00FA5E72 /* estefi.jpg in Resources */ = {isa = PBXBuildFile; fileRef = 09D10FA01D211B5E00FA5E72 /* estefi.jpg */; };
		09D10FA71D211DD400FA5E72 /* FondobackPerfil.png in Resources */ = {isa = PBXBuildFile; fileRef = 09D10FA61D211DD400FA5E72 /* FondobackPerfil.png */; };
/* End PBXBuildFile section */

/* Begin PBXFileReference section */
		09977D6A1D23B72E00DF5F9C /* SYBCategoriasTableViewController.swift */ = {isa = PBXFileReference; fileEncoding = 4; lastKnownFileType = sourcecode.swift; path = SYBCategoriasTableViewController.swift; sourceTree = "<group>"; };
		09977D6C1D23B74F00DF5F9C /* SYBNuevaTareaViewController.swift */ = {isa = PBXFileReference; fileEncoding = 4; lastKnownFileType = sourcecode.swift; path = SYBNuevaTareaViewController.swift; sourceTree = "<group>"; };
		09977D6F1D23BC1000DF5F9C /* placeholder.jpg */ = {isa = PBXFileReference; lastKnownFileType = image.jpeg; path = placeholder.jpg; sourceTree = "<group>"; };
		099E7EC21D17EEA7009CD779 /* App_TaskVersion2.0.app */ = {isa = PBXFileReference; explicitFileType = wrapper.application; includeInIndex = 0; path = App_TaskVersion2.0.app; sourceTree = BUILT_PRODUCTS_DIR; };
		099E7EC51D17EEA7009CD779 /* AppDelegate.swift */ = {isa = PBXFileReference; lastKnownFileType = sourcecode.swift; path = AppDelegate.swift; sourceTree = "<group>"; };
		099E7ECA1D17EEA7009CD779 /* Base */ = {isa = PBXFileReference; lastKnownFileType = file.storyboard; name = Base; path = Base.lproj/Main.storyboard; sourceTree = "<group>"; };
		099E7ECC1D17EEA7009CD779 /* Assets.xcassets */ = {isa = PBXFileReference; lastKnownFileType = folder.assetcatalog; path = Assets.xcassets; sourceTree = "<group>"; };
		099E7ECF1D17EEA7009CD779 /* Base */ = {isa = PBXFileReference; lastKnownFileType = file.storyboard; name = Base; path = Base.lproj/LaunchScreen.storyboard; sourceTree = "<group>"; };
		099E7ED11D17EEA7009CD779 /* Info.plist */ = {isa = PBXFileReference; lastKnownFileType = text.plist.xml; path = Info.plist; sourceTree = "<group>"; };
		09D10F811D210BC600FA5E72 /* Contactos.plist */ = {isa = PBXFileReference; fileEncoding = 4; lastKnownFileType = text.plist.xml; path = Contactos.plist; sourceTree = "<group>"; };
		09D10F891D210D7200FA5E72 /* SYBContactosTableViewController.swift */ = {isa = PBXFileReference; fileEncoding = 4; lastKnownFileType = sourcecode.swift; path = SYBContactosTableViewController.swift; sourceTree = "<group>"; };
		09D10F8B1D210DD700FA5E72 /* SYBContactosCustomCell.swift */ = {isa = PBXFileReference; fileEncoding = 4; lastKnownFileType = sourcecode.swift; path = SYBContactosCustomCell.swift; sourceTree = "<group>"; };
		09D10F8D1D210DFA00FA5E72 /* SYBContactoViewController.swift */ = {isa = PBXFileReference; fileEncoding = 4; lastKnownFileType = sourcecode.swift; path = SYBContactoViewController.swift; sourceTree = "<group>"; };
		09D10F9C1D211B5E00FA5E72 /* backPerfil.png */ = {isa = PBXFileReference; lastKnownFileType = image.png; path = backPerfil.png; sourceTree = "<group>"; };
		09D10F9D1D211B5E00FA5E72 /* brad_pitt.jpg */ = {isa = PBXFileReference; lastKnownFileType = image.jpeg; path = brad_pitt.jpg; sourceTree = "<group>"; };
		09D10F9F1D211B5E00FA5E72 /* deep.jpg */ = {isa = PBXFileReference; lastKnownFileType = image.jpeg; path = deep.jpg; sourceTree = "<group>"; };
		09D10FA01D211B5E00FA5E72 /* estefi.jpg */ = {isa = PBXFileReference; lastKnownFileType = image.jpeg; path = estefi.jpg; sourceTree = "<group>"; };
		09D10FA61D211DD400FA5E72 /* FondobackPerfil.png */ = {isa = PBXFileReference; lastKnownFileType = image.png; path = FondobackPerfil.png; sourceTree = "<group>"; };
/* End PBXFileReference section */

/* Begin PBXFrameworksBuildPhase section */
		099E7EBF1D17EEA7009CD779 /* Frameworks */ = {
			isa = PBXFrameworksBuildPhase;
			buildActionMask = 2147483647;
			files = (
			);
			runOnlyForDeploymentPostprocessing = 0;
		};
/* End PBXFrameworksBuildPhase section */

/* Begin PBXGroup section */
		09977D6E1D23B75600DF5F9C /* VC_NUEVASTAREAS */ = {
			isa = PBXGroup;
			children = (
				09977D6A1D23B72E00DF5F9C /* SYBCategoriasTableViewController.swift */,
				09977D6C1D23B74F00DF5F9C /* SYBNuevaTareaViewController.swift */,
			);
			name = VC_NUEVASTAREAS;
			sourceTree = "<group>";
		};
		099E7EB91D17EEA7009CD779 = {
			isa = PBXGroup;
			children = (
				099E7EC41D17EEA7009CD779 /* App_TaskVersion2.0 */,
				099E7EC31D17EEA7009CD779 /* Products */,
			);
			sourceTree = "<group>";
		};
		099E7EC31D17EEA7009CD779 /* Products */ = {
			isa = PBXGroup;
			children = (
				099E7EC21D17EEA7009CD779 /* App_TaskVersion2.0.app */,
			);
			name = Products;
			sourceTree = "<group>";
		};
		099E7EC41D17EEA7009CD779 /* App_TaskVersion2.0 */ = {
			isa = PBXGroup;
			children = (
				09977D6F1D23BC1000DF5F9C /* placeholder.jpg */,
				09D10FA61D211DD400FA5E72 /* FondobackPerfil.png */,
				09D10F9C1D211B5E00FA5E72 /* backPerfil.png */,
				09D10F9D1D211B5E00FA5E72 /* brad_pitt.jpg */,
				09D10F9F1D211B5E00FA5E72 /* deep.jpg */,
				09D10FA01D211B5E00FA5E72 /* estefi.jpg */,
				099E7EC51D17EEA7009CD779 /* AppDelegate.swift */,
				099E7EC91D17EEA7009CD779 /* Main.storyboard */,
				099E7ECC1D17EEA7009CD779 /* Assets.xcassets */,
				099E7ECE1D17EEA7009CD779 /* LaunchScreen.storyboard */,
				099E7ED11D17EEA7009CD779 /* Info.plist */,
				09D10F8F1D210E0400FA5E72 /* VC_CONTACTOS */,
				09977D6E1D23B75600DF5F9C /* VC_NUEVASTAREAS */,
			);
			path = App_TaskVersion2.0;
			sourceTree = "<group>";
		};
		09D10F8F1D210E0400FA5E72 /* VC_CONTACTOS */ = {
			isa = PBXGroup;
			children = (
				09D10F811D210BC600FA5E72 /* Contactos.plist */,
				09D10F891D210D7200FA5E72 /* SYBContactosTableViewController.swift */,
				09D10F8B1D210DD700FA5E72 /* SYBContactosCustomCell.swift */,
				09D10F8D1D210DFA00FA5E72 /* SYBContactoViewController.swift */,
			);
			name = VC_CONTACTOS;
			sourceTree = "<group>";
		};
/* End PBXGroup section */

/* Begin PBXNativeTarget section */
		099E7EC11D17EEA7009CD779 /* App_TaskVersion2.0 */ = {
			isa = PBXNativeTarget;
			buildConfigurationList = 099E7ED41D17EEA7009CD779 /* Build configuration list for PBXNativeTarget "App_TaskVersion2.0" */;
			buildPhases = (
				099E7EBE1D17EEA7009CD779 /* Sources */,
				099E7EBF1D17EEA7009CD779 /* Frameworks */,
				099E7EC01D17EEA7009CD779 /* Resources */,
			);
			buildRules = (
			);
			dependencies = (
			);
			name = App_TaskVersion2.0;
			productName = App_TaskVersion2.0;
			productReference = 099E7EC21D17EEA7009CD779 /* App_TaskVersion2.0.app */;
			productType = "com.apple.product-type.application";
		};
/* End PBXNativeTarget section */

/* Begin PBXProject section */
		099E7EBA1D17EEA7009CD779 /* Project object */ = {
			isa = PBXProject;
			attributes = {
				LastSwiftUpdateCheck = 0730;
				LastUpgradeCheck = 0730;
				ORGANIZATIONNAME = cice;
				TargetAttributes = {
					099E7EC11D17EEA7009CD779 = {
						CreatedOnToolsVersion = 7.3;
						DevelopmentTeam = NZ9BB45RRX;
					};
				};
			};
			buildConfigurationList = 099E7EBD1D17EEA7009CD779 /* Build configuration list for PBXProject "App_TaskVersion2.0" */;
			compatibilityVersion = "Xcode 3.2";
			developmentRegion = English;
			hasScannedForEncodings = 0;
			knownRegions = (
				en,
				Base,
			);
			mainGroup = 099E7EB91D17EEA7009CD779;
			productRefGroup = 099E7EC31D17EEA7009CD779 /* Products */;
			projectDirPath = "";
			projectRoot = "";
			targets = (
				099E7EC11D17EEA7009CD779 /* App_TaskVersion2.0 */,
			);
		};
/* End PBXProject section */

/* Begin PBXResourcesBuildPhase section */
		099E7EC01D17EEA7009CD779 /* Resources */ = {
			isa = PBXResourcesBuildPhase;
			buildActionMask = 2147483647;
			files = (
				099E7ED01D17EEA7009CD779 /* LaunchScreen.storyboard in Resources */,
				09D10FA11D211B5E00FA5E72 /* backPerfil.png in Resources */,
				099E7ECD1D17EEA7009CD779 /* Assets.xcassets in Resources */,
				09D10FA21D211B5E00FA5E72 /* brad_pitt.jpg in Resources */,
				09D10FA41D211B5E00FA5E72 /* deep.jpg in Resources */,
				099E7ECB1D17EEA7009CD779 /* Main.storyboard in Resources */,
				09D10FA51D211B5E00FA5E72 /* estefi.jpg in Resources */,
				09D10F821D210BC600FA5E72 /* Contactos.plist in Resources */,
				09977D701D23BC1000DF5F9C /* placeholder.jpg in Resources */,
				09D10FA71D211DD400FA5E72 /* FondobackPerfil.png in Resources */,
			);
			runOnlyForDeploymentPostprocessing = 0;
		};
/* End PBXResourcesBuildPhase section */

/* Begin PBXSourcesBuildPhase section */
		099E7EBE1D17EEA7009CD779 /* Sources */ = {
			isa = PBXSourcesBuildPhase;
			buildActionMask = 2147483647;
			files = (
				09D10F8C1D210DD700FA5E72 /* SYBContactosCustomCell.swift in Sources */,
				09977D6B1D23B72E00DF5F9C /* SYBCategoriasTableViewController.swift in Sources */,
				099E7EC61D17EEA7009CD779 /* AppDelegate.swift in Sources */,
				09D10F8E1D210DFA00FA5E72 /* SYBContactoViewController.swift in Sources */,
				09D10F8A1D210D7200FA5E72 /* SYBContactosTableViewController.swift in Sources */,
				09977D6D1D23B74F00DF5F9C /* SYBNuevaTareaViewController.swift in Sources */,
			);
			runOnlyForDeploymentPostprocessing = 0;
		};
/* End PBXSourcesBuildPhase section */

/* Begin PBXVariantGroup section */
		099E7EC91D17EEA7009CD779 /* Main.storyboard */ = {
			isa = PBXVariantGroup;
			children = (
				099E7ECA1D17EEA7009CD779 /* Base */,
			);
			name = Main.storyboard;
			sourceTree = "<group>";
		};
		099E7ECE1D17EEA7009CD779 /* LaunchScreen.storyboard */ = {
			isa = PBXVariantGroup;
			children = (
				099E7ECF1D17EEA7009CD779 /* Base */,
			);
			name = LaunchScreen.storyboard;
			sourceTree = "<group>";
		};
/* End PBXVariantGroup section */

/* Begin XCBuildConfiguration section */
		099E7ED21D17EEA7009CD779 /* Debug */ = {
			isa = XCBuildConfiguration;
			buildSettings = {
				ALWAYS_SEARCH_USER_PATHS = NO;
				CLANG_ANALYZER_NONNULL = YES;
				CLANG_CXX_LANGUAGE_STANDARD = "gnu++0x";
				CLANG_CXX_LIBRARY = "libc++";
				CLANG_ENABLE_MODULES = YES;
				CLANG_ENABLE_OBJC_ARC = YES;
				CLANG_WARN_BOOL_CONVERSION = YES;
				CLANG_WARN_CONSTANT_CONVERSION = YES;
				CLANG_WARN_DIRECT_OBJC_ISA_USAGE = YES_ERROR;
				CLANG_WARN_EMPTY_BODY = YES;
				CLANG_WARN_ENUM_CONVERSION = YES;
				CLANG_WARN_INT_CONVERSION = YES;
				CLANG_WARN_OBJC_ROOT_CLASS = YES_ERROR;
				CLANG_WARN_UNREACHABLE_CODE = YES;
				CLANG_WARN__DUPLICATE_METHOD_MATCH = YES;
				"CODE_SIGN_IDENTITY[sdk=iphoneos*]" = "iPhone Developer";
				COPY_PHASE_STRIP = NO;
				DEBUG_INFORMATION_FORMAT = dwarf;
				ENABLE_STRICT_OBJC_MSGSEND = YES;
				ENABLE_TESTABILITY = YES;
				GCC_C_LANGUAGE_STANDARD = gnu99;
				GCC_DYNAMIC_NO_PIC = NO;
				GCC_NO_COMMON_BLOCKS = YES;
				GCC_OPTIMIZATION_LEVEL = 0;
				GCC_PREPROCESSOR_DEFINITIONS = (
					"DEBUG=1",
					"$(inherited)",
				);
				GCC_WARN_64_TO_32_BIT_CONVERSION = YES;
				GCC_WARN_ABOUT_RETURN_TYPE = YES_ERROR;
				GCC_WARN_UNDECLARED_SELECTOR = YES;
				GCC_WARN_UNINITIALIZED_AUTOS = YES_AGGRESSIVE;
				GCC_WARN_UNUSED_FUNCTION = YES;
				GCC_WARN_UNUSED_VARIABLE = YES;
				IPHONEOS_DEPLOYMENT_TARGET = 9.3;
				MTL_ENABLE_DEBUG_INFO = YES;
				ONLY_ACTIVE_ARCH = YES;
				SDKROOT = iphoneos;
				SWIFT_OPTIMIZATION_LEVEL = "-Onone";
			};
			name = Debug;
		};
		099E7ED31D17EEA7009CD779 /* Release */ = {
			isa = XCBuildConfiguration;
			buildSettings = {
				ALWAYS_SEARCH_USER_PATHS = NO;
				CLANG_ANALYZER_NONNULL = YES;
				CLANG_CXX_LANGUAGE_STANDARD = "gnu++0x";
				CLANG_CXX_LIBRARY = "libc++";
				CLANG_ENABLE_MODULES = YES;
				CLANG_ENABLE_OBJC_ARC = YES;
				CLANG_WARN_BOOL_CONVERSION = YES;
				CLANG_WARN_CONSTANT_CONVERSION = YES;
				CLANG_WARN_DIRECT_OBJC_ISA_USAGE = YES_ERROR;
				CLANG_WARN_EMPTY_BODY = YES;
				CLANG_WARN_ENUM_CONVERSION = YES;
				CLANG_WARN_INT_CONVERSION = YES;
				CLANG_WARN_OBJC_ROOT_CLASS = YES_ERROR;
				CLANG_WARN_UNREACHABLE_CODE = YES;
				CLANG_WARN__DUPLICATE_METHOD_MATCH = YES;
				"CODE_SIGN_IDENTITY[sdk=iphoneos*]" = "iPhone Developer";
				COPY_PHASE_STRIP = NO;
				DEBUG_INFORMATION_FORMAT = "dwarf-with-dsym";
				ENABLE_NS_ASSERTIONS = NO;
				ENABLE_STRICT_OBJC_MSGSEND = YES;
				GCC_C_LANGUAGE_STANDARD = gnu99;
				GCC_NO_COMMON_BLOCKS = YES;
				GCC_WARN_64_TO_32_BIT_CONVERSION = YES;
				GCC_WARN_ABOUT_RETURN_TYPE = YES_ERROR;
				GCC_WARN_UNDECLARED_SELECTOR = YES;
				GCC_WARN_UNINITIALIZED_AUTOS = YES_AGGRESSIVE;
				GCC_WARN_UNUSED_FUNCTION = YES;
				GCC_WARN_UNUSED_VARIABLE = YES;
				IPHONEOS_DEPLOYMENT_TARGET = 9.3;
				MTL_ENABLE_DEBUG_INFO = NO;
				SDKROOT = iphoneos;
				VALIDATE_PRODUCT = YES;
			};
			name = Release;
		};
		099E7ED51D17EEA7009CD779 /* Debug */ = {
			isa = XCBuildConfiguration;
			buildSettings = {
				ASSETCATALOG_COMPILER_APPICON_NAME = AppIcon;
				CODE_SIGN_IDENTITY = "iPhone Developer";
				"CODE_SIGN_IDENTITY[sdk=iphoneos*]" = "iPhone Developer";
				INFOPLIST_FILE = App_TaskVersion2.0/Info.plist;
				LD_RUNPATH_SEARCH_PATHS = "$(inherited) @executable_path/Frameworks";
				PRODUCT_BUNDLE_IDENTIFIER = "com.cice.App-TaskVersion2-0";
				PRODUCT_NAME = "$(TARGET_NAME)";
				PROVISIONING_PROFILE = "";
			};
			name = Debug;
		};
		099E7ED61D17EEA7009CD779 /* Release */ = {
			isa = XCBuildConfiguration;
			buildSettings = {
				ASSETCATALOG_COMPILER_APPICON_NAME = AppIcon;
				CODE_SIGN_IDENTITY = "iPhone Developer";
				"CODE_SIGN_IDENTITY[sdk=iphoneos*]" = "iPhone Developer";
				INFOPLIST_FILE = App_TaskVersion2.0/Info.plist;
				LD_RUNPATH_SEARCH_PATHS = "$(inherited) @executable_path/Frameworks";
				PRODUCT_BUNDLE_IDENTIFIER = "com.cice.App-TaskVersion2-0";
				PRODUCT_NAME = "$(TARGET_NAME)";
				PROVISIONING_PROFILE = "";
			};
			name = Release;
		};
/* End XCBuildConfiguration section */

/* Begin XCConfigurationList section */
		099E7EBD1D17EEA7009CD779 /* Build configuration list for PBXProject "App_TaskVersion2.0" */ = {
			isa = XCConfigurationList;
			buildConfigurations = (
				099E7ED21D17EEA7009CD779 /* Debug */,
				099E7ED31D17EEA7009CD779 /* Release */,
			);
			defaultConfigurationIsVisible = 0;
			defaultConfigurationName = Release;
		};
		099E7ED41D17EEA7009CD779 /* Build configuration list for PBXNativeTarget "App_TaskVersion2.0" */ = {
			isa = XCConfigurationList;
			buildConfigurations = (
				099E7ED51D17EEA7009CD779 /* Debug */,
				099E7ED61D17EEA7009CD779 /* Release */,
			);
			defaultConfigurationIsVisible = 0;
			defaultConfigurationName = Release;
		};
/* End XCConfigurationList section */
	};
	rootObject = 099E7EBA1D17EEA7009CD779 /* Project object */;
}
