// !$*UTF8*$!
{
	archiveVersion = 1;
	classes = {
	};
	objectVersion = 46;
	objects = {

/* Begin PBXBuildFile section */
		092333601D0EA51A003A3AAD /* AppDelegate.swift in Sources */ = {isa = PBXBuildFile; fileRef = 0923335F1D0EA51A003A3AAD /* AppDelegate.swift */; };
		092333651D0EA51A003A3AAD /* Main.storyboard in Resources */ = {isa = PBXBuildFile; fileRef = 092333631D0EA51A003A3AAD /* Main.storyboard */; };
		092333671D0EA51A003A3AAD /* Assets.xcassets in Resources */ = {isa = PBXBuildFile; fileRef = 092333661D0EA51A003A3AAD /* Assets.xcassets */; };
		0923336A1D0EA51A003A3AAD /* LaunchScreen.storyboard in Resources */ = {isa = PBXBuildFile; fileRef = 092333681D0EA51A003A3AAD /* LaunchScreen.storyboard */; };
		0923337B1D0EA585003A3AAD /* steve_jobs.jpg in Resources */ = {isa = PBXBuildFile; fileRef = 092333721D0EA585003A3AAD /* steve_jobs.jpg */; };
		0923337C1D0EA585003A3AAD /* miranda_lambert.jpg in Resources */ = {isa = PBXBuildFile; fileRef = 092333731D0EA585003A3AAD /* miranda_lambert.jpg */; };
		0923337D1D0EA585003A3AAD /* mila_kunis.jpg in Resources */ = {isa = PBXBuildFile; fileRef = 092333741D0EA585003A3AAD /* mila_kunis.jpg */; };
		0923337E1D0EA585003A3AAD /* sara_evans.jpg in Resources */ = {isa = PBXBuildFile; fileRef = 092333751D0EA585003A3AAD /* sara_evans.jpg */; };
		0923337F1D0EA585003A3AAD /* brad_pitt.jpg in Resources */ = {isa = PBXBuildFile; fileRef = 092333761D0EA585003A3AAD /* brad_pitt.jpg */; };
		092333801D0EA585003A3AAD /* deep.jpg in Resources */ = {isa = PBXBuildFile; fileRef = 092333771D0EA585003A3AAD /* deep.jpg */; };
		092333811D0EA585003A3AAD /* taylor_swift 2.jpg in Resources */ = {isa = PBXBuildFile; fileRef = 092333781D0EA585003A3AAD /* taylor_swift 2.jpg */; };
		092333821D0EA585003A3AAD /* thor.jpg in Resources */ = {isa = PBXBuildFile; fileRef = 092333791D0EA585003A3AAD /* thor.jpg */; };
		092333831D0EA585003A3AAD /* taylor_swift.jpg in Resources */ = {isa = PBXBuildFile; fileRef = 0923337A1D0EA585003A3AAD /* taylor_swift.jpg */; };
		092333851D0EA678003A3AAD /* Contactos.plist in Resources */ = {isa = PBXBuildFile; fileRef = 092333841D0EA678003A3AAD /* Contactos.plist */; };
		092E93731D0EA87C00A22682 /* SYBPrincipalWallTableViewController.swift in Sources */ = {isa = PBXBuildFile; fileRef = 092E93721D0EA87C00A22682 /* SYBPrincipalWallTableViewController.swift */; };
		092E93751D0EA8A700A22682 /* SYBCustomCell.swift in Sources */ = {isa = PBXBuildFile; fileRef = 092E93741D0EA8A700A22682 /* SYBCustomCell.swift */; };
/* End PBXBuildFile section */

/* Begin PBXFileReference section */
		0923335C1D0EA51A003A3AAD /* App_CustomCell_Dictionary_Practica.app */ = {isa = PBXFileReference; explicitFileType = wrapper.application; includeInIndex = 0; path = App_CustomCell_Dictionary_Practica.app; sourceTree = BUILT_PRODUCTS_DIR; };
		0923335F1D0EA51A003A3AAD /* AppDelegate.swift */ = {isa = PBXFileReference; lastKnownFileType = sourcecode.swift; path = AppDelegate.swift; sourceTree = "<group>"; };
		092333641D0EA51A003A3AAD /* Base */ = {isa = PBXFileReference; lastKnownFileType = file.storyboard; name = Base; path = Base.lproj/Main.storyboard; sourceTree = "<group>"; };
		092333661D0EA51A003A3AAD /* Assets.xcassets */ = {isa = PBXFileReference; lastKnownFileType = folder.assetcatalog; path = Assets.xcassets; sourceTree = "<group>"; };
		092333691D0EA51A003A3AAD /* Base */ = {isa = PBXFileReference; lastKnownFileType = file.storyboard; name = Base; path = Base.lproj/LaunchScreen.storyboard; sourceTree = "<group>"; };
		0923336B1D0EA51A003A3AAD /* Info.plist */ = {isa = PBXFileReference; lastKnownFileType = text.plist.xml; path = Info.plist; sourceTree = "<group>"; };
		092333721D0EA585003A3AAD /* steve_jobs.jpg */ = {isa = PBXFileReference; lastKnownFileType = image.jpeg; path = steve_jobs.jpg; sourceTree = "<group>"; };
		092333731D0EA585003A3AAD /* miranda_lambert.jpg */ = {isa = PBXFileReference; lastKnownFileType = image.jpeg; path = miranda_lambert.jpg; sourceTree = "<group>"; };
		092333741D0EA585003A3AAD /* mila_kunis.jpg */ = {isa = PBXFileReference; lastKnownFileType = image.jpeg; path = mila_kunis.jpg; sourceTree = "<group>"; };
		092333751D0EA585003A3AAD /* sara_evans.jpg */ = {isa = PBXFileReference; lastKnownFileType = image.jpeg; path = sara_evans.jpg; sourceTree = "<group>"; };
		092333761D0EA585003A3AAD /* brad_pitt.jpg */ = {isa = PBXFileReference; lastKnownFileType = image.jpeg; path = brad_pitt.jpg; sourceTree = "<group>"; };
		092333771D0EA585003A3AAD /* deep.jpg */ = {isa = PBXFileReference; lastKnownFileType = image.jpeg; path = deep.jpg; sourceTree = "<group>"; };
		092333781D0EA585003A3AAD /* taylor_swift 2.jpg */ = {isa = PBXFileReference; lastKnownFileType = image.jpeg; path = "taylor_swift 2.jpg"; sourceTree = "<group>"; };
		092333791D0EA585003A3AAD /* thor.jpg */ = {isa = PBXFileReference; lastKnownFileType = image.jpeg; path = thor.jpg; sourceTree = "<group>"; };
		0923337A1D0EA585003A3AAD /* taylor_swift.jpg */ = {isa = PBXFileReference; lastKnownFileType = image.jpeg; path = taylor_swift.jpg; sourceTree = "<group>"; };
		092333841D0EA678003A3AAD /* Contactos.plist */ = {isa = PBXFileReference; fileEncoding = 4; lastKnownFileType = text.plist.xml; path = Contactos.plist; sourceTree = "<group>"; };
		092E93721D0EA87C00A22682 /* SYBPrincipalWallTableViewController.swift */ = {isa = PBXFileReference; fileEncoding = 4; lastKnownFileType = sourcecode.swift; path = SYBPrincipalWallTableViewController.swift; sourceTree = "<group>"; };
		092E93741D0EA8A700A22682 /* SYBCustomCell.swift */ = {isa = PBXFileReference; fileEncoding = 4; lastKnownFileType = sourcecode.swift; path = SYBCustomCell.swift; sourceTree = "<group>"; };
/* End PBXFileReference section */

/* Begin PBXFrameworksBuildPhase section */
		092333591D0EA51A003A3AAD /* Frameworks */ = {
			isa = PBXFrameworksBuildPhase;
			buildActionMask = 2147483647;
			files = (
			);
			runOnlyForDeploymentPostprocessing = 0;
		};
/* End PBXFrameworksBuildPhase section */

/* Begin PBXGroup section */
		092333531D0EA51A003A3AAD = {
			isa = PBXGroup;
			children = (
				0923335E1D0EA51A003A3AAD /* App_CustomCell_Dictionary_Practica */,
				0923335D1D0EA51A003A3AAD /* Products */,
			);
			sourceTree = "<group>";
		};
		0923335D1D0EA51A003A3AAD /* Products */ = {
			isa = PBXGroup;
			children = (
				0923335C1D0EA51A003A3AAD /* App_CustomCell_Dictionary_Practica.app */,
			);
			name = Products;
			sourceTree = "<group>";
		};
		0923335E1D0EA51A003A3AAD /* App_CustomCell_Dictionary_Practica */ = {
			isa = PBXGroup;
			children = (
				092333871D0EA6A3003A3AAD /* CUSTOM CELL */,
				092333861D0EA69C003A3AAD /* CLASS */,
				092333711D0EA54E003A3AAD /* IMAGES */,
				0923335F1D0EA51A003A3AAD /* AppDelegate.swift */,
				092333631D0EA51A003A3AAD /* Main.storyboard */,
				092333661D0EA51A003A3AAD /* Assets.xcassets */,
				092333681D0EA51A003A3AAD /* LaunchScreen.storyboard */,
				0923336B1D0EA51A003A3AAD /* Info.plist */,
				092333841D0EA678003A3AAD /* Contactos.plist */,
			);
			path = App_CustomCell_Dictionary_Practica;
			sourceTree = "<group>";
		};
		092333711D0EA54E003A3AAD /* IMAGES */ = {
			isa = PBXGroup;
			children = (
				092333721D0EA585003A3AAD /* steve_jobs.jpg */,
				092333731D0EA585003A3AAD /* miranda_lambert.jpg */,
				092333741D0EA585003A3AAD /* mila_kunis.jpg */,
				092333751D0EA585003A3AAD /* sara_evans.jpg */,
				092333761D0EA585003A3AAD /* brad_pitt.jpg */,
				092333771D0EA585003A3AAD /* deep.jpg */,
				092333781D0EA585003A3AAD /* taylor_swift 2.jpg */,
				092333791D0EA585003A3AAD /* thor.jpg */,
				0923337A1D0EA585003A3AAD /* taylor_swift.jpg */,
			);
			name = IMAGES;
			sourceTree = "<group>";
		};
		092333861D0EA69C003A3AAD /* CLASS */ = {
			isa = PBXGroup;
			children = (
				092E93721D0EA87C00A22682 /* SYBPrincipalWallTableViewController.swift */,
			);
			name = CLASS;
			sourceTree = "<group>";
		};
		092333871D0EA6A3003A3AAD /* CUSTOM CELL */ = {
			isa = PBXGroup;
			children = (
				092E93741D0EA8A700A22682 /* SYBCustomCell.swift */,
			);
			name = "CUSTOM CELL";
			sourceTree = "<group>";
		};
/* End PBXGroup section */

/* Begin PBXNativeTarget section */
		0923335B1D0EA51A003A3AAD /* App_CustomCell_Dictionary_Practica */ = {
			isa = PBXNativeTarget;
			buildConfigurationList = 0923336E1D0EA51A003A3AAD /* Build configuration list for PBXNativeTarget "App_CustomCell_Dictionary_Practica" */;
			buildPhases = (
				092333581D0EA51A003A3AAD /* Sources */,
				092333591D0EA51A003A3AAD /* Frameworks */,
				0923335A1D0EA51A003A3AAD /* Resources */,
			);
			buildRules = (
			);
			dependencies = (
			);
			name = App_CustomCell_Dictionary_Practica;
			productName = App_CustomCell_Dictionary_Practica;
			productReference = 0923335C1D0EA51A003A3AAD /* App_CustomCell_Dictionary_Practica.app */;
			productType = "com.apple.product-type.application";
		};
/* End PBXNativeTarget section */

/* Begin PBXProject section */
		092333541D0EA51A003A3AAD /* Project object */ = {
			isa = PBXProject;
			attributes = {
				LastSwiftUpdateCheck = 0730;
				LastUpgradeCheck = 0730;
				ORGANIZATIONNAME = cice;
				TargetAttributes = {
					0923335B1D0EA51A003A3AAD = {
						CreatedOnToolsVersion = 7.3;
						DevelopmentTeam = NZ9BB45RRX;
					};
				};
			};
			buildConfigurationList = 092333571D0EA51A003A3AAD /* Build configuration list for PBXProject "App_CustomCell_Dictionary_Practica" */;
			compatibilityVersion = "Xcode 3.2";
			developmentRegion = English;
			hasScannedForEncodings = 0;
			knownRegions = (
				en,
				Base,
			);
			mainGroup = 092333531D0EA51A003A3AAD;
			productRefGroup = 0923335D1D0EA51A003A3AAD /* Products */;
			projectDirPath = "";
			projectRoot = "";
			targets = (
				0923335B1D0EA51A003A3AAD /* App_CustomCell_Dictionary_Practica */,
			);
		};
/* End PBXProject section */

/* Begin PBXResourcesBuildPhase section */
		0923335A1D0EA51A003A3AAD /* Resources */ = {
			isa = PBXResourcesBuildPhase;
			buildActionMask = 2147483647;
			files = (
				092333821D0EA585003A3AAD /* thor.jpg in Resources */,
				0923336A1D0EA51A003A3AAD /* LaunchScreen.storyboard in Resources */,
				0923337B1D0EA585003A3AAD /* steve_jobs.jpg in Resources */,
				092333671D0EA51A003A3AAD /* Assets.xcassets in Resources */,
				0923337C1D0EA585003A3AAD /* miranda_lambert.jpg in Resources */,
				092333811D0EA585003A3AAD /* taylor_swift 2.jpg in Resources */,
				092333801D0EA585003A3AAD /* deep.jpg in Resources */,
				0923337E1D0EA585003A3AAD /* sara_evans.jpg in Resources */,
				0923337F1D0EA585003A3AAD /* brad_pitt.jpg in Resources */,
				092333651D0EA51A003A3AAD /* Main.storyboard in Resources */,
				092333831D0EA585003A3AAD /* taylor_swift.jpg in Resources */,
				092333851D0EA678003A3AAD /* Contactos.plist in Resources */,
				0923337D1D0EA585003A3AAD /* mila_kunis.jpg in Resources */,
			);
			runOnlyForDeploymentPostprocessing = 0;
		};
/* End PBXResourcesBuildPhase section */

/* Begin PBXSourcesBuildPhase section */
		092333581D0EA51A003A3AAD /* Sources */ = {
			isa = PBXSourcesBuildPhase;
			buildActionMask = 2147483647;
			files = (
				092333601D0EA51A003A3AAD /* AppDelegate.swift in Sources */,
				092E93731D0EA87C00A22682 /* SYBPrincipalWallTableViewController.swift in Sources */,
				092E93751D0EA8A700A22682 /* SYBCustomCell.swift in Sources */,
			);
			runOnlyForDeploymentPostprocessing = 0;
		};
/* End PBXSourcesBuildPhase section */

/* Begin PBXVariantGroup section */
		092333631D0EA51A003A3AAD /* Main.storyboard */ = {
			isa = PBXVariantGroup;
			children = (
				092333641D0EA51A003A3AAD /* Base */,
			);
			name = Main.storyboard;
			sourceTree = "<group>";
		};
		092333681D0EA51A003A3AAD /* LaunchScreen.storyboard */ = {
			isa = PBXVariantGroup;
			children = (
				092333691D0EA51A003A3AAD /* Base */,
			);
			name = LaunchScreen.storyboard;
			sourceTree = "<group>";
		};
/* End PBXVariantGroup section */

/* Begin XCBuildConfiguration section */
		0923336C1D0EA51A003A3AAD /* Debug */ = {
			isa = XCBuildConfiguration;
			buildSettings = {
				ALWAYS_SEARCH_USER_PATHS = NO;
				CLANG_ANALYZER_NONNULL = YES;
				CLANG_CXX_LANGUAGE_STANDARD = "gnu++0x";
				CLANG_CXX_LIBRARY = "libc++";
				CLANG_ENABLE_MODULES = YES;
				CLANG_ENABLE_OBJC_ARC = YES;
				CLANG_WARN_BOOL_CONVERSION = YES;
				CLANG_WARN_CONSTANT_CONVERSION = YES;
				CLANG_WARN_DIRECT_OBJC_ISA_USAGE = YES_ERROR;
				CLANG_WARN_EMPTY_BODY = YES;
				CLANG_WARN_ENUM_CONVERSION = YES;
				CLANG_WARN_INT_CONVERSION = YES;
				CLANG_WARN_OBJC_ROOT_CLASS = YES_ERROR;
				CLANG_WARN_UNREACHABLE_CODE = YES;
				CLANG_WARN__DUPLICATE_METHOD_MATCH = YES;
				"CODE_SIGN_IDENTITY[sdk=iphoneos*]" = "iPhone Developer";
				COPY_PHASE_STRIP = NO;
				DEBUG_INFORMATION_FORMAT = dwarf;
				ENABLE_STRICT_OBJC_MSGSEND = YES;
				ENABLE_TESTABILITY = YES;
				GCC_C_LANGUAGE_STANDARD = gnu99;
				GCC_DYNAMIC_NO_PIC = NO;
				GCC_NO_COMMON_BLOCKS = YES;
				GCC_OPTIMIZATION_LEVEL = 0;
				GCC_PREPROCESSOR_DEFINITIONS = (
					"DEBUG=1",
					"$(inherited)",
				);
				GCC_WARN_64_TO_32_BIT_CONVERSION = YES;
				GCC_WARN_ABOUT_RETURN_TYPE = YES_ERROR;
				GCC_WARN_UNDECLARED_SELECTOR = YES;
				GCC_WARN_UNINITIALIZED_AUTOS = YES_AGGRESSIVE;
				GCC_WARN_UNUSED_FUNCTION = YES;
				GCC_WARN_UNUSED_VARIABLE = YES;
				IPHONEOS_DEPLOYMENT_TARGET = 9.3;
				MTL_ENABLE_DEBUG_INFO = YES;
				ONLY_ACTIVE_ARCH = YES;
				SDKROOT = iphoneos;
				SWIFT_OPTIMIZATION_LEVEL = "-Onone";
			};
			name = Debug;
		};
		0923336D1D0EA51A003A3AAD /* Release */ = {
			isa = XCBuildConfiguration;
			buildSettings = {
				ALWAYS_SEARCH_USER_PATHS = NO;
				CLANG_ANALYZER_NONNULL = YES;
				CLANG_CXX_LANGUAGE_STANDARD = "gnu++0x";
				CLANG_CXX_LIBRARY = "libc++";
				CLANG_ENABLE_MODULES = YES;
				CLANG_ENABLE_OBJC_ARC = YES;
				CLANG_WARN_BOOL_CONVERSION = YES;
				CLANG_WARN_CONSTANT_CONVERSION = YES;
				CLANG_WARN_DIRECT_OBJC_ISA_USAGE = YES_ERROR;
				CLANG_WARN_EMPTY_BODY = YES;
				CLANG_WARN_ENUM_CONVERSION = YES;
				CLANG_WARN_INT_CONVERSION = YES;
				CLANG_WARN_OBJC_ROOT_CLASS = YES_ERROR;
				CLANG_WARN_UNREACHABLE_CODE = YES;
				CLANG_WARN__DUPLICATE_METHOD_MATCH = YES;
				"CODE_SIGN_IDENTITY[sdk=iphoneos*]" = "iPhone Developer";
				COPY_PHASE_STRIP = NO;
				DEBUG_INFORMATION_FORMAT = "dwarf-with-dsym";
				ENABLE_NS_ASSERTIONS = NO;
				ENABLE_STRICT_OBJC_MSGSEND = YES;
				GCC_C_LANGUAGE_STANDARD = gnu99;
				GCC_NO_COMMON_BLOCKS = YES;
				GCC_WARN_64_TO_32_BIT_CONVERSION = YES;
				GCC_WARN_ABOUT_RETURN_TYPE = YES_ERROR;
				GCC_WARN_UNDECLARED_SELECTOR = YES;
				GCC_WARN_UNINITIALIZED_AUTOS = YES_AGGRESSIVE;
				GCC_WARN_UNUSED_FUNCTION = YES;
				GCC_WARN_UNUSED_VARIABLE = YES;
				IPHONEOS_DEPLOYMENT_TARGET = 9.3;
				MTL_ENABLE_DEBUG_INFO = NO;
				SDKROOT = iphoneos;
				VALIDATE_PRODUCT = YES;
			};
			name = Release;
		};
		0923336F1D0EA51A003A3AAD /* Debug */ = {
			isa = XCBuildConfiguration;
			buildSettings = {
				ASSETCATALOG_COMPILER_APPICON_NAME = AppIcon;
				CODE_SIGN_IDENTITY = "iPhone Developer";
				INFOPLIST_FILE = App_CustomCell_Dictionary_Practica/Info.plist;
				LD_RUNPATH_SEARCH_PATHS = "$(inherited) @executable_path/Frameworks";
				PRODUCT_BUNDLE_IDENTIFIER = "com.cice.App-CustomCell-Dictionary-Practica";
				PRODUCT_NAME = "$(TARGET_NAME)";
			};
			name = Debug;
		};
		092333701D0EA51A003A3AAD /* Release */ = {
			isa = XCBuildConfiguration;
			buildSettings = {
				ASSETCATALOG_COMPILER_APPICON_NAME = AppIcon;
				CODE_SIGN_IDENTITY = "iPhone Developer";
				INFOPLIST_FILE = App_CustomCell_Dictionary_Practica/Info.plist;
				LD_RUNPATH_SEARCH_PATHS = "$(inherited) @executable_path/Frameworks";
				PRODUCT_BUNDLE_IDENTIFIER = "com.cice.App-CustomCell-Dictionary-Practica";
				PRODUCT_NAME = "$(TARGET_NAME)";
			};
			name = Release;
		};
/* End XCBuildConfiguration section */

/* Begin XCConfigurationList section */
		092333571D0EA51A003A3AAD /* Build configuration list for PBXProject "App_CustomCell_Dictionary_Practica" */ = {
			isa = XCConfigurationList;
			buildConfigurations = (
				0923336C1D0EA51A003A3AAD /* Debug */,
				0923336D1D0EA51A003A3AAD /* Release */,
			);
			defaultConfigurationIsVisible = 0;
			defaultConfigurationName = Release;
		};
		0923336E1D0EA51A003A3AAD /* Build configuration list for PBXNativeTarget "App_CustomCell_Dictionary_Practica" */ = {
			isa = XCConfigurationList;
			buildConfigurations = (
				0923336F1D0EA51A003A3AAD /* Debug */,
				092333701D0EA51A003A3AAD /* Release */,
			);
			defaultConfigurationIsVisible = 0;
			defaultConfigurationName = Release;
		};
/* End XCConfigurationList section */
	};
	rootObject = 092333541D0EA51A003A3AAD /* Project object */;
}
