// !$*UTF8*$!
{
	archiveVersion = 1;
	classes = {
	};
	objectVersion = 46;
	objects = {

/* Begin PBXBuildFile section */
		093DE3171DA243E600CE4F32 /* Bolts.framework in Frameworks */ = {isa = PBXBuildFile; fileRef = 093DE3131DA243E600CE4F32 /* Bolts.framework */; };
		093DE3181DA243E600CE4F32 /* Parse.framework in Frameworks */ = {isa = PBXBuildFile; fileRef = 093DE3141DA243E600CE4F32 /* Parse.framework */; };
		093DE3191DA243E600CE4F32 /* ParseFacebookUtils.framework in Frameworks */ = {isa = PBXBuildFile; fileRef = 093DE3151DA243E600CE4F32 /* ParseFacebookUtils.framework */; };
		093DE31A1DA243E600CE4F32 /* ParseFacebookUtilsV4.framework in Frameworks */ = {isa = PBXBuildFile; fileRef = 093DE3161DA243E600CE4F32 /* ParseFacebookUtilsV4.framework */; };
		093DE33C1DA244EC00CE4F32 /* WWConcesionarioTableViewController.swift in Sources */ = {isa = PBXBuildFile; fileRef = 093DE3371DA244EC00CE4F32 /* WWConcesionarioTableViewController.swift */; };
		093DE33D1DA244EC00CE4F32 /* WWConcesoniarioCustomCell.swift in Sources */ = {isa = PBXBuildFile; fileRef = 093DE3381DA244EC00CE4F32 /* WWConcesoniarioCustomCell.swift */; };
		093DE33E1DA244EC00CE4F32 /* WWDetalleConcesaionarioViewController.swift in Sources */ = {isa = PBXBuildFile; fileRef = 093DE3391DA244EC00CE4F32 /* WWDetalleConcesaionarioViewController.swift */; };
		093DE33F1DA244EC00CE4F32 /* WWLoginViewController.swift in Sources */ = {isa = PBXBuildFile; fileRef = 093DE33A1DA244EC00CE4F32 /* WWLoginViewController.swift */; };
		093DE3401DA244EC00CE4F32 /* WWRegistroNuevoUsuarioViewController.swift in Sources */ = {isa = PBXBuildFile; fileRef = 093DE33B1DA244EC00CE4F32 /* WWRegistroNuevoUsuarioViewController.swift */; };
		093DE3431DA2453900CE4F32 /* Kingfisher.framework in Frameworks */ = {isa = PBXBuildFile; fileRef = 093DE3411DA2453900CE4F32 /* Kingfisher.framework */; };
		093DE3441DA2453900CE4F32 /* SwiftyJSON.framework in Frameworks */ = {isa = PBXBuildFile; fileRef = 093DE3421DA2453900CE4F32 /* SwiftyJSON.framework */; };
		093DE3461DA2454600CE4F32 /* AudioToolbox.framework in Frameworks */ = {isa = PBXBuildFile; fileRef = 093DE3451DA2454600CE4F32 /* AudioToolbox.framework */; };
		093DE3481DA2455000CE4F32 /* CFNetwork.framework in Frameworks */ = {isa = PBXBuildFile; fileRef = 093DE3471DA2455000CE4F32 /* CFNetwork.framework */; };
		093DE34A1DA2455B00CE4F32 /* CoreLocation.framework in Frameworks */ = {isa = PBXBuildFile; fileRef = 093DE3491DA2455B00CE4F32 /* CoreLocation.framework */; };
		093DE34C1DA2456D00CE4F32 /* QuartzCore.framework in Frameworks */ = {isa = PBXBuildFile; fileRef = 093DE34B1DA2456D00CE4F32 /* QuartzCore.framework */; };
		093DE34E1DA2457600CE4F32 /* StoreKit.framework in Frameworks */ = {isa = PBXBuildFile; fileRef = 093DE34D1DA2457600CE4F32 /* StoreKit.framework */; };
		093DE3501DA2458000CE4F32 /* SystemConfiguration.framework in Frameworks */ = {isa = PBXBuildFile; fileRef = 093DE34F1DA2458000CE4F32 /* SystemConfiguration.framework */; };
		093DE3521DA245B100CE4F32 /* libsqlite3.tbd in Frameworks */ = {isa = PBXBuildFile; fileRef = 093DE3511DA245B100CE4F32 /* libsqlite3.tbd */; };
		093DE3541DA245BB00CE4F32 /* libz.tbd in Frameworks */ = {isa = PBXBuildFile; fileRef = 093DE3531DA245BB00CE4F32 /* libz.tbd */; };
		093DE3561DA25A0B00CE4F32 /* Main.storyboard in Resources */ = {isa = PBXBuildFile; fileRef = 093DE3551DA25A0B00CE4F32 /* Main.storyboard */; settings = {ASSET_TAGS = (saltarTabBarController, ); }; };
		63B3607E1DA11B0D00E3A711 /* AppDelegate.swift in Sources */ = {isa = PBXBuildFile; fileRef = 63B3607D1DA11B0D00E3A711 /* AppDelegate.swift */; };
		63B360851DA11B0D00E3A711 /* Assets.xcassets in Resources */ = {isa = PBXBuildFile; fileRef = 63B360841DA11B0D00E3A711 /* Assets.xcassets */; };
		63B360881DA11B0D00E3A711 /* LaunchScreen.storyboard in Resources */ = {isa = PBXBuildFile; fileRef = 63B360861DA11B0D00E3A711 /* LaunchScreen.storyboard */; };
		63B360901DA11E3700E3A711 /* Podfile in Resources */ = {isa = PBXBuildFile; fileRef = 63B3608F1DA11E3700E3A711 /* Podfile */; };
		F8512C3653BD74A418C7A1EA /* Pods_App_VolksWagenFinal_CICE.framework in Frameworks */ = {isa = PBXBuildFile; fileRef = 3175BDC361A3B9CE62994AD6 /* Pods_App_VolksWagenFinal_CICE.framework */; };
/* End PBXBuildFile section */

/* Begin PBXFileReference section */
		093DE3131DA243E600CE4F32 /* Bolts.framework */ = {isa = PBXFileReference; lastKnownFileType = wrapper.framework; path = Bolts.framework; sourceTree = "<group>"; };
		093DE3141DA243E600CE4F32 /* Parse.framework */ = {isa = PBXFileReference; lastKnownFileType = wrapper.framework; path = Parse.framework; sourceTree = "<group>"; };
		093DE3151DA243E600CE4F32 /* ParseFacebookUtils.framework */ = {isa = PBXFileReference; lastKnownFileType = wrapper.framework; path = ParseFacebookUtils.framework; sourceTree = "<group>"; };
		093DE3161DA243E600CE4F32 /* ParseFacebookUtilsV4.framework */ = {isa = PBXFileReference; lastKnownFileType = wrapper.framework; path = ParseFacebookUtilsV4.framework; sourceTree = "<group>"; };
		093DE3371DA244EC00CE4F32 /* WWConcesionarioTableViewController.swift */ = {isa = PBXFileReference; fileEncoding = 4; lastKnownFileType = sourcecode.swift; name = WWConcesionarioTableViewController.swift; path = "App_VolksWagenFinal-/WWConcesionarioTableViewController.swift"; sourceTree = "<group>"; };
		093DE3381DA244EC00CE4F32 /* WWConcesoniarioCustomCell.swift */ = {isa = PBXFileReference; fileEncoding = 4; lastKnownFileType = sourcecode.swift; name = WWConcesoniarioCustomCell.swift; path = "App_VolksWagenFinal-/WWConcesoniarioCustomCell.swift"; sourceTree = "<group>"; };
		093DE3391DA244EC00CE4F32 /* WWDetalleConcesaionarioViewController.swift */ = {isa = PBXFileReference; fileEncoding = 4; lastKnownFileType = sourcecode.swift; name = WWDetalleConcesaionarioViewController.swift; path = "App_VolksWagenFinal-/WWDetalleConcesaionarioViewController.swift"; sourceTree = "<group>"; };
		093DE33A1DA244EC00CE4F32 /* WWLoginViewController.swift */ = {isa = PBXFileReference; fileEncoding = 4; lastKnownFileType = sourcecode.swift; name = WWLoginViewController.swift; path = "App_VolksWagenFinal-/WWLoginViewController.swift"; sourceTree = "<group>"; };
		093DE33B1DA244EC00CE4F32 /* WWRegistroNuevoUsuarioViewController.swift */ = {isa = PBXFileReference; fileEncoding = 4; lastKnownFileType = sourcecode.swift; name = WWRegistroNuevoUsuarioViewController.swift; path = "App_VolksWagenFinal-/WWRegistroNuevoUsuarioViewController.swift"; sourceTree = "<group>"; };
		093DE3411DA2453900CE4F32 /* Kingfisher.framework */ = {isa = PBXFileReference; lastKnownFileType = wrapper.framework; name = Kingfisher.framework; path = "../../../../../../../Users/cice/Library/Developer/Xcode/DerivedData/App_VolksWagenFinal_CICE-akvczzgankzowdcnmypgcqvtfpbf/Build/Products/Debug-iphoneos/Kingfisher/Kingfisher.framework"; sourceTree = "<group>"; };
		093DE3421DA2453900CE4F32 /* SwiftyJSON.framework */ = {isa = PBXFileReference; lastKnownFileType = wrapper.framework; name = SwiftyJSON.framework; path = "../../../../../../../Users/cice/Library/Developer/Xcode/DerivedData/App_VolksWagenFinal_CICE-akvczzgankzowdcnmypgcqvtfpbf/Build/Products/Debug-iphoneos/SwiftyJSON/SwiftyJSON.framework"; sourceTree = "<group>"; };
		093DE3451DA2454600CE4F32 /* AudioToolbox.framework */ = {isa = PBXFileReference; lastKnownFileType = wrapper.framework; name = AudioToolbox.framework; path = System/Library/Frameworks/AudioToolbox.framework; sourceTree = SDKROOT; };
		093DE3471DA2455000CE4F32 /* CFNetwork.framework */ = {isa = PBXFileReference; lastKnownFileType = wrapper.framework; name = CFNetwork.framework; path = System/Library/Frameworks/CFNetwork.framework; sourceTree = SDKROOT; };
		093DE3491DA2455B00CE4F32 /* CoreLocation.framework */ = {isa = PBXFileReference; lastKnownFileType = wrapper.framework; name = CoreLocation.framework; path = System/Library/Frameworks/CoreLocation.framework; sourceTree = SDKROOT; };
		093DE34B1DA2456D00CE4F32 /* QuartzCore.framework */ = {isa = PBXFileReference; lastKnownFileType = wrapper.framework; name = QuartzCore.framework; path = System/Library/Frameworks/QuartzCore.framework; sourceTree = SDKROOT; };
		093DE34D1DA2457600CE4F32 /* StoreKit.framework */ = {isa = PBXFileReference; lastKnownFileType = wrapper.framework; name = StoreKit.framework; path = System/Library/Frameworks/StoreKit.framework; sourceTree = SDKROOT; };
		093DE34F1DA2458000CE4F32 /* SystemConfiguration.framework */ = {isa = PBXFileReference; lastKnownFileType = wrapper.framework; name = SystemConfiguration.framework; path = System/Library/Frameworks/SystemConfiguration.framework; sourceTree = SDKROOT; };
		093DE3511DA245B100CE4F32 /* libsqlite3.tbd */ = {isa = PBXFileReference; lastKnownFileType = "sourcecode.text-based-dylib-definition"; name = libsqlite3.tbd; path = usr/lib/libsqlite3.tbd; sourceTree = SDKROOT; };
		093DE3531DA245BB00CE4F32 /* libz.tbd */ = {isa = PBXFileReference; lastKnownFileType = "sourcecode.text-based-dylib-definition"; name = libz.tbd; path = usr/lib/libz.tbd; sourceTree = SDKROOT; };
		093DE3551DA25A0B00CE4F32 /* Main.storyboard */ = {isa = PBXFileReference; fileEncoding = 4; lastKnownFileType = file.storyboard; path = Main.storyboard; sourceTree = "<group>"; };
		0D37B9F291860F57F8A36A7C /* Pods-App_VolksWagenFinal_CICE.release.xcconfig */ = {isa = PBXFileReference; includeInIndex = 1; lastKnownFileType = text.xcconfig; name = "Pods-App_VolksWagenFinal_CICE.release.xcconfig"; path = "Pods/Target Support Files/Pods-App_VolksWagenFinal_CICE/Pods-App_VolksWagenFinal_CICE.release.xcconfig"; sourceTree = "<group>"; };
		3175BDC361A3B9CE62994AD6 /* Pods_App_VolksWagenFinal_CICE.framework */ = {isa = PBXFileReference; explicitFileType = wrapper.framework; includeInIndex = 0; path = Pods_App_VolksWagenFinal_CICE.framework; sourceTree = BUILT_PRODUCTS_DIR; };
		63B3607A1DA11B0B00E3A711 /* App_VolksWagenFinal_CICE.app */ = {isa = PBXFileReference; explicitFileType = wrapper.application; includeInIndex = 0; path = App_VolksWagenFinal_CICE.app; sourceTree = BUILT_PRODUCTS_DIR; };
		63B3607D1DA11B0D00E3A711 /* AppDelegate.swift */ = {isa = PBXFileReference; lastKnownFileType = sourcecode.swift; path = AppDelegate.swift; sourceTree = "<group>"; };
		63B360841DA11B0D00E3A711 /* Assets.xcassets */ = {isa = PBXFileReference; lastKnownFileType = folder.assetcatalog; path = Assets.xcassets; sourceTree = "<group>"; };
		63B360871DA11B0D00E3A711 /* Base */ = {isa = PBXFileReference; lastKnownFileType = file.storyboard; name = Base; path = Base.lproj/LaunchScreen.storyboard; sourceTree = "<group>"; };
		63B360891DA11B0D00E3A711 /* Info.plist */ = {isa = PBXFileReference; lastKnownFileType = text.plist.xml; path = Info.plist; sourceTree = "<group>"; };
		63B3608F1DA11E3700E3A711 /* Podfile */ = {isa = PBXFileReference; fileEncoding = 4; lastKnownFileType = text; path = Podfile; sourceTree = "<group>"; xcLanguageSpecificationIdentifier = xcode.lang.ruby; };
		6D9A910CC8754F2E051C17BA /* Pods-App_VolksWagenFinal_CICE.debug.xcconfig */ = {isa = PBXFileReference; includeInIndex = 1; lastKnownFileType = text.xcconfig; name = "Pods-App_VolksWagenFinal_CICE.debug.xcconfig"; path = "Pods/Target Support Files/Pods-App_VolksWagenFinal_CICE/Pods-App_VolksWagenFinal_CICE.debug.xcconfig"; sourceTree = "<group>"; };
/* End PBXFileReference section */

/* Begin PBXFrameworksBuildPhase section */
		63B360771DA11B0B00E3A711 /* Frameworks */ = {
			isa = PBXFrameworksBuildPhase;
			buildActionMask = 2147483647;
			files = (
				093DE3541DA245BB00CE4F32 /* libz.tbd in Frameworks */,
				093DE3521DA245B100CE4F32 /* libsqlite3.tbd in Frameworks */,
				093DE3501DA2458000CE4F32 /* SystemConfiguration.framework in Frameworks */,
				093DE34E1DA2457600CE4F32 /* StoreKit.framework in Frameworks */,
				093DE34C1DA2456D00CE4F32 /* QuartzCore.framework in Frameworks */,
				093DE34A1DA2455B00CE4F32 /* CoreLocation.framework in Frameworks */,
				093DE3481DA2455000CE4F32 /* CFNetwork.framework in Frameworks */,
				093DE3461DA2454600CE4F32 /* AudioToolbox.framework in Frameworks */,
				093DE3431DA2453900CE4F32 /* Kingfisher.framework in Frameworks */,
				093DE3441DA2453900CE4F32 /* SwiftyJSON.framework in Frameworks */,
				F8512C3653BD74A418C7A1EA /* Pods_App_VolksWagenFinal_CICE.framework in Frameworks */,
				093DE3181DA243E600CE4F32 /* Parse.framework in Frameworks */,
				093DE3191DA243E600CE4F32 /* ParseFacebookUtils.framework in Frameworks */,
				093DE3171DA243E600CE4F32 /* Bolts.framework in Frameworks */,
				093DE31A1DA243E600CE4F32 /* ParseFacebookUtilsV4.framework in Frameworks */,
			);
			runOnlyForDeploymentPostprocessing = 0;
		};
/* End PBXFrameworksBuildPhase section */

/* Begin PBXGroup section */
		093DE31B1DA2441C00CE4F32 /* FRAMEWORK/PARSE */ = {
			isa = PBXGroup;
			children = (
				093DE3131DA243E600CE4F32 /* Bolts.framework */,
				093DE3141DA243E600CE4F32 /* Parse.framework */,
				093DE3151DA243E600CE4F32 /* ParseFacebookUtils.framework */,
				093DE3161DA243E600CE4F32 /* ParseFacebookUtilsV4.framework */,
			);
			name = FRAMEWORK/PARSE;
			sourceTree = "<group>";
		};
		093DE3231DA2443D00CE4F32 /* VC_LOGIN_REGISTRO */ = {
			isa = PBXGroup;
			children = (
				093DE33A1DA244EC00CE4F32 /* WWLoginViewController.swift */,
				093DE33B1DA244EC00CE4F32 /* WWRegistroNuevoUsuarioViewController.swift */,
			);
			name = VC_LOGIN_REGISTRO;
			path = ..;
			sourceTree = "<group>";
		};
		093DE3291DA2444500CE4F32 /* VC_CONCESIONARIO */ = {
			isa = PBXGroup;
			children = (
				093DE3371DA244EC00CE4F32 /* WWConcesionarioTableViewController.swift */,
				093DE3381DA244EC00CE4F32 /* WWConcesoniarioCustomCell.swift */,
				093DE3391DA244EC00CE4F32 /* WWDetalleConcesaionarioViewController.swift */,
			);
			name = VC_CONCESIONARIO;
			path = ..;
			sourceTree = "<group>";
		};
		63B360711DA11B0A00E3A711 = {
			isa = PBXGroup;
			children = (
				63B3608F1DA11E3700E3A711 /* Podfile */,
				63B3607C1DA11B0D00E3A711 /* App_VolksWagenFinal- */,
				63B3607B1DA11B0B00E3A711 /* Products */,
				E46502C49A9A8D60CE7AF0F0 /* Pods */,
				C64FEE302D71C8A7B354AF20 /* Frameworks */,
			);
			sourceTree = "<group>";
		};
		63B3607B1DA11B0B00E3A711 /* Products */ = {
			isa = PBXGroup;
			children = (
				63B3607A1DA11B0B00E3A711 /* App_VolksWagenFinal_CICE.app */,
			);
			name = Products;
			sourceTree = "<group>";
		};
		63B3607C1DA11B0D00E3A711 /* App_VolksWagenFinal- */ = {
			isa = PBXGroup;
			children = (
				093DE3291DA2444500CE4F32 /* VC_CONCESIONARIO */,
				093DE3231DA2443D00CE4F32 /* VC_LOGIN_REGISTRO */,
				093DE31B1DA2441C00CE4F32 /* FRAMEWORK/PARSE */,
				63B3607D1DA11B0D00E3A711 /* AppDelegate.swift */,
				63B360841DA11B0D00E3A711 /* Assets.xcassets */,
				093DE3551DA25A0B00CE4F32 /* Main.storyboard */,
				63B360861DA11B0D00E3A711 /* LaunchScreen.storyboard */,
				63B360891DA11B0D00E3A711 /* Info.plist */,
			);
			path = "App_VolksWagenFinal-";
			sourceTree = "<group>";
		};
		C64FEE302D71C8A7B354AF20 /* Frameworks */ = {
			isa = PBXGroup;
			children = (
				093DE3531DA245BB00CE4F32 /* libz.tbd */,
				093DE3511DA245B100CE4F32 /* libsqlite3.tbd */,
				093DE34F1DA2458000CE4F32 /* SystemConfiguration.framework */,
				093DE34D1DA2457600CE4F32 /* StoreKit.framework */,
				093DE34B1DA2456D00CE4F32 /* QuartzCore.framework */,
				093DE3491DA2455B00CE4F32 /* CoreLocation.framework */,
				093DE3471DA2455000CE4F32 /* CFNetwork.framework */,
				093DE3451DA2454600CE4F32 /* AudioToolbox.framework */,
				093DE3411DA2453900CE4F32 /* Kingfisher.framework */,
				093DE3421DA2453900CE4F32 /* SwiftyJSON.framework */,
				3175BDC361A3B9CE62994AD6 /* Pods_App_VolksWagenFinal_CICE.framework */,
			);
			name = Frameworks;
			sourceTree = "<group>";
		};
		E46502C49A9A8D60CE7AF0F0 /* Pods */ = {
			isa = PBXGroup;
			children = (
				6D9A910CC8754F2E051C17BA /* Pods-App_VolksWagenFinal_CICE.debug.xcconfig */,
				0D37B9F291860F57F8A36A7C /* Pods-App_VolksWagenFinal_CICE.release.xcconfig */,
			);
			name = Pods;
			sourceTree = "<group>";
		};
/* End PBXGroup section */

/* Begin PBXNativeTarget section */
		63B360791DA11B0B00E3A711 /* App_VolksWagenFinal_CICE */ = {
			isa = PBXNativeTarget;
			buildConfigurationList = 63B3608C1DA11B0D00E3A711 /* Build configuration list for PBXNativeTarget "App_VolksWagenFinal_CICE" */;
			buildPhases = (
				524BE1BC446AF50E9E8D00E5 /* [CP] Check Pods Manifest.lock */,
				63B360761DA11B0B00E3A711 /* Sources */,
				63B360771DA11B0B00E3A711 /* Frameworks */,
				63B360781DA11B0B00E3A711 /* Resources */,
				5AAFDD7B8634CDA1DBBD3FF7 /* [CP] Embed Pods Frameworks */,
				A490C03E8D2E115D9D84CC43 /* [CP] Copy Pods Resources */,
			);
			buildRules = (
			);
			dependencies = (
			);
			name = App_VolksWagenFinal_CICE;
			productName = "App_VolksWagenFinal-";
			productReference = 63B3607A1DA11B0B00E3A711 /* App_VolksWagenFinal_CICE.app */;
			productType = "com.apple.product-type.application";
		};
/* End PBXNativeTarget section */

/* Begin PBXProject section */
		63B360721DA11B0B00E3A711 /* Project object */ = {
			isa = PBXProject;
			attributes = {
				KnownAssetTags = (
					saltarTabBarController,
				);
				LastSwiftUpdateCheck = 0730;
				LastUpgradeCheck = 0730;
				ORGANIZATIONNAME = icologic;
				TargetAttributes = {
					63B360791DA11B0B00E3A711 = {
						CreatedOnToolsVersion = 7.3.1;
						DevelopmentTeam = NZ9BB45RRX;
					};
				};
			};
			buildConfigurationList = 63B360751DA11B0B00E3A711 /* Build configuration list for PBXProject "App_VolksWagenFinal_CICE" */;
			compatibilityVersion = "Xcode 3.2";
			developmentRegion = English;
			hasScannedForEncodings = 0;
			knownRegions = (
				en,
				Base,
			);
			mainGroup = 63B360711DA11B0A00E3A711;
			productRefGroup = 63B3607B1DA11B0B00E3A711 /* Products */;
			projectDirPath = "";
			projectRoot = "";
			targets = (
				63B360791DA11B0B00E3A711 /* App_VolksWagenFinal_CICE */,
			);
		};
/* End PBXProject section */

/* Begin PBXResourcesBuildPhase section */
		63B360781DA11B0B00E3A711 /* Resources */ = {
			isa = PBXResourcesBuildPhase;
			buildActionMask = 2147483647;
			files = (
				63B360881DA11B0D00E3A711 /* LaunchScreen.storyboard in Resources */,
				63B360851DA11B0D00E3A711 /* Assets.xcassets in Resources */,
				63B360901DA11E3700E3A711 /* Podfile in Resources */,
				093DE3561DA25A0B00CE4F32 /* Main.storyboard in Resources */,
			);
			runOnlyForDeploymentPostprocessing = 0;
		};
/* End PBXResourcesBuildPhase section */

/* Begin PBXShellScriptBuildPhase section */
		524BE1BC446AF50E9E8D00E5 /* [CP] Check Pods Manifest.lock */ = {
			isa = PBXShellScriptBuildPhase;
			buildActionMask = 2147483647;
			files = (
			);
			inputPaths = (
			);
			name = "[CP] Check Pods Manifest.lock";
			outputPaths = (
			);
			runOnlyForDeploymentPostprocessing = 0;
			shellPath = /bin/sh;
			shellScript = "diff \"${PODS_ROOT}/../Podfile.lock\" \"${PODS_ROOT}/Manifest.lock\" > /dev/null\nif [[ $? != 0 ]] ; then\n    cat << EOM\nerror: The sandbox is not in sync with the Podfile.lock. Run 'pod install' or update your CocoaPods installation.\nEOM\n    exit 1\nfi\n";
			showEnvVarsInLog = 0;
		};
		5AAFDD7B8634CDA1DBBD3FF7 /* [CP] Embed Pods Frameworks */ = {
			isa = PBXShellScriptBuildPhase;
			buildActionMask = 2147483647;
			files = (
			);
			inputPaths = (
			);
			name = "[CP] Embed Pods Frameworks";
			outputPaths = (
			);
			runOnlyForDeploymentPostprocessing = 0;
			shellPath = /bin/sh;
			shellScript = "\"${SRCROOT}/Pods/Target Support Files/Pods-App_VolksWagenFinal_CICE/Pods-App_VolksWagenFinal_CICE-frameworks.sh\"\n";
			showEnvVarsInLog = 0;
		};
		A490C03E8D2E115D9D84CC43 /* [CP] Copy Pods Resources */ = {
			isa = PBXShellScriptBuildPhase;
			buildActionMask = 2147483647;
			files = (
			);
			inputPaths = (
			);
			name = "[CP] Copy Pods Resources";
			outputPaths = (
			);
			runOnlyForDeploymentPostprocessing = 0;
			shellPath = /bin/sh;
			shellScript = "\"${SRCROOT}/Pods/Target Support Files/Pods-App_VolksWagenFinal_CICE/Pods-App_VolksWagenFinal_CICE-resources.sh\"\n";
			showEnvVarsInLog = 0;
		};
/* End PBXShellScriptBuildPhase section */

/* Begin PBXSourcesBuildPhase section */
		63B360761DA11B0B00E3A711 /* Sources */ = {
			isa = PBXSourcesBuildPhase;
			buildActionMask = 2147483647;
			files = (
				093DE3401DA244EC00CE4F32 /* WWRegistroNuevoUsuarioViewController.swift in Sources */,
				093DE33C1DA244EC00CE4F32 /* WWConcesionarioTableViewController.swift in Sources */,
				093DE33F1DA244EC00CE4F32 /* WWLoginViewController.swift in Sources */,
				093DE33D1DA244EC00CE4F32 /* WWConcesoniarioCustomCell.swift in Sources */,
				63B3607E1DA11B0D00E3A711 /* AppDelegate.swift in Sources */,
				093DE33E1DA244EC00CE4F32 /* WWDetalleConcesaionarioViewController.swift in Sources */,
			);
			runOnlyForDeploymentPostprocessing = 0;
		};
/* End PBXSourcesBuildPhase section */

/* Begin PBXVariantGroup section */
		63B360861DA11B0D00E3A711 /* LaunchScreen.storyboard */ = {
			isa = PBXVariantGroup;
			children = (
				63B360871DA11B0D00E3A711 /* Base */,
			);
			name = LaunchScreen.storyboard;
			sourceTree = "<group>";
		};
/* End PBXVariantGroup section */

/* Begin XCBuildConfiguration section */
		63B3608A1DA11B0D00E3A711 /* Debug */ = {
			isa = XCBuildConfiguration;
			buildSettings = {
				ALWAYS_SEARCH_USER_PATHS = NO;
				CLANG_ANALYZER_NONNULL = YES;
				CLANG_CXX_LANGUAGE_STANDARD = "gnu++0x";
				CLANG_CXX_LIBRARY = "libc++";
				CLANG_ENABLE_MODULES = YES;
				CLANG_ENABLE_OBJC_ARC = YES;
				CLANG_WARN_BOOL_CONVERSION = YES;
				CLANG_WARN_CONSTANT_CONVERSION = YES;
				CLANG_WARN_DIRECT_OBJC_ISA_USAGE = YES_ERROR;
				CLANG_WARN_EMPTY_BODY = YES;
				CLANG_WARN_ENUM_CONVERSION = YES;
				CLANG_WARN_INT_CONVERSION = YES;
				CLANG_WARN_OBJC_ROOT_CLASS = YES_ERROR;
				CLANG_WARN_UNREACHABLE_CODE = YES;
				CLANG_WARN__DUPLICATE_METHOD_MATCH = YES;
				"CODE_SIGN_IDENTITY[sdk=iphoneos*]" = "iPhone Developer";
				COPY_PHASE_STRIP = NO;
				DEBUG_INFORMATION_FORMAT = dwarf;
				ENABLE_STRICT_OBJC_MSGSEND = YES;
				ENABLE_TESTABILITY = YES;
				GCC_C_LANGUAGE_STANDARD = gnu99;
				GCC_DYNAMIC_NO_PIC = NO;
				GCC_NO_COMMON_BLOCKS = YES;
				GCC_OPTIMIZATION_LEVEL = 0;
				GCC_PREPROCESSOR_DEFINITIONS = (
					"DEBUG=1",
					"$(inherited)",
				);
				GCC_WARN_64_TO_32_BIT_CONVERSION = YES;
				GCC_WARN_ABOUT_RETURN_TYPE = YES_ERROR;
				GCC_WARN_UNDECLARED_SELECTOR = YES;
				GCC_WARN_UNINITIALIZED_AUTOS = YES_AGGRESSIVE;
				GCC_WARN_UNUSED_FUNCTION = YES;
				GCC_WARN_UNUSED_VARIABLE = YES;
				IPHONEOS_DEPLOYMENT_TARGET = 9.3;
				MTL_ENABLE_DEBUG_INFO = YES;
				ONLY_ACTIVE_ARCH = YES;
				SDKROOT = iphoneos;
				SWIFT_OPTIMIZATION_LEVEL = "-Onone";
			};
			name = Debug;
		};
		63B3608B1DA11B0D00E3A711 /* Release */ = {
			isa = XCBuildConfiguration;
			buildSettings = {
				ALWAYS_SEARCH_USER_PATHS = NO;
				CLANG_ANALYZER_NONNULL = YES;
				CLANG_CXX_LANGUAGE_STANDARD = "gnu++0x";
				CLANG_CXX_LIBRARY = "libc++";
				CLANG_ENABLE_MODULES = YES;
				CLANG_ENABLE_OBJC_ARC = YES;
				CLANG_WARN_BOOL_CONVERSION = YES;
				CLANG_WARN_CONSTANT_CONVERSION = YES;
				CLANG_WARN_DIRECT_OBJC_ISA_USAGE = YES_ERROR;
				CLANG_WARN_EMPTY_BODY = YES;
				CLANG_WARN_ENUM_CONVERSION = YES;
				CLANG_WARN_INT_CONVERSION = YES;
				CLANG_WARN_OBJC_ROOT_CLASS = YES_ERROR;
				CLANG_WARN_UNREACHABLE_CODE = YES;
				CLANG_WARN__DUPLICATE_METHOD_MATCH = YES;
				"CODE_SIGN_IDENTITY[sdk=iphoneos*]" = "iPhone Developer";
				COPY_PHASE_STRIP = NO;
				DEBUG_INFORMATION_FORMAT = "dwarf-with-dsym";
				ENABLE_NS_ASSERTIONS = NO;
				ENABLE_STRICT_OBJC_MSGSEND = YES;
				GCC_C_LANGUAGE_STANDARD = gnu99;
				GCC_NO_COMMON_BLOCKS = YES;
				GCC_WARN_64_TO_32_BIT_CONVERSION = YES;
				GCC_WARN_ABOUT_RETURN_TYPE = YES_ERROR;
				GCC_WARN_UNDECLARED_SELECTOR = YES;
				GCC_WARN_UNINITIALIZED_AUTOS = YES_AGGRESSIVE;
				GCC_WARN_UNUSED_FUNCTION = YES;
				GCC_WARN_UNUSED_VARIABLE = YES;
				IPHONEOS_DEPLOYMENT_TARGET = 9.3;
				MTL_ENABLE_DEBUG_INFO = NO;
				SDKROOT = iphoneos;
				VALIDATE_PRODUCT = YES;
			};
			name = Release;
		};
		63B3608D1DA11B0D00E3A711 /* Debug */ = {
			isa = XCBuildConfiguration;
			baseConfigurationReference = 6D9A910CC8754F2E051C17BA /* Pods-App_VolksWagenFinal_CICE.debug.xcconfig */;
			buildSettings = {
				ASSETCATALOG_COMPILER_APPICON_NAME = AppIcon;
				CODE_SIGN_IDENTITY = "iPhone Developer";
				FRAMEWORK_SEARCH_PATHS = (
					"$(inherited)",
					"$(PROJECT_DIR)/App_VolksWagenFinal-",
				);
				INFOPLIST_FILE = "App_VolksWagenFinal-/Info.plist";
				LD_RUNPATH_SEARCH_PATHS = "$(inherited) @executable_path/Frameworks";
				PRODUCT_BUNDLE_IDENTIFIER = "com.icologic.App-VolksWagenFinal-CICE";
				PRODUCT_NAME = App_VolksWagenFinal_CICE;
			};
			name = Debug;
		};
		63B3608E1DA11B0D00E3A711 /* Release */ = {
			isa = XCBuildConfiguration;
			baseConfigurationReference = 0D37B9F291860F57F8A36A7C /* Pods-App_VolksWagenFinal_CICE.release.xcconfig */;
			buildSettings = {
				ASSETCATALOG_COMPILER_APPICON_NAME = AppIcon;
				CODE_SIGN_IDENTITY = "iPhone Developer";
				FRAMEWORK_SEARCH_PATHS = (
					"$(inherited)",
					"$(PROJECT_DIR)/App_VolksWagenFinal-",
				);
				INFOPLIST_FILE = "App_VolksWagenFinal-/Info.plist";
				LD_RUNPATH_SEARCH_PATHS = "$(inherited) @executable_path/Frameworks";
				PRODUCT_BUNDLE_IDENTIFIER = "com.icologic.App-VolksWagenFinal-CICE";
				PRODUCT_NAME = App_VolksWagenFinal_CICE;
			};
			name = Release;
		};
/* End XCBuildConfiguration section */

/* Begin XCConfigurationList section */
		63B360751DA11B0B00E3A711 /* Build configuration list for PBXProject "App_VolksWagenFinal_CICE" */ = {
			isa = XCConfigurationList;
			buildConfigurations = (
				63B3608A1DA11B0D00E3A711 /* Debug */,
				63B3608B1DA11B0D00E3A711 /* Release */,
			);
			defaultConfigurationIsVisible = 0;
			defaultConfigurationName = Release;
		};
		63B3608C1DA11B0D00E3A711 /* Build configuration list for PBXNativeTarget "App_VolksWagenFinal_CICE" */ = {
			isa = XCConfigurationList;
			buildConfigurations = (
				63B3608D1DA11B0D00E3A711 /* Debug */,
				63B3608E1DA11B0D00E3A711 /* Release */,
			);
			defaultConfigurationIsVisible = 0;
			defaultConfigurationName = Release;
		};
/* End XCConfigurationList section */
	};
	rootObject = 63B360721DA11B0B00E3A711 /* Project object */;
}
