// !$*UTF8*$!
{
	archiveVersion = 1;
	classes = {
	};
	objectVersion = 46;
	objects = {

/* Begin PBXBuildFile section */
		096062C61D86AC2B009336DA /* AppDelegate.swift in Sources */ = {isa = PBXBuildFile; fileRef = 096062C51D86AC2B009336DA /* AppDelegate.swift */; };
		096062C81D86AC2B009336DA /* ViewController.swift in Sources */ = {isa = PBXBuildFile; fileRef = 096062C71D86AC2B009336DA /* ViewController.swift */; };
		096062CB1D86AC2B009336DA /* Main.storyboard in Resources */ = {isa = PBXBuildFile; fileRef = 096062C91D86AC2B009336DA /* Main.storyboard */; };
		096062CD1D86AC2B009336DA /* Assets.xcassets in Resources */ = {isa = PBXBuildFile; fileRef = 096062CC1D86AC2B009336DA /* Assets.xcassets */; };
		096062D01D86AC2B009336DA /* LaunchScreen.storyboard in Resources */ = {isa = PBXBuildFile; fileRef = 096062CE1D86AC2B009336DA /* LaunchScreen.storyboard */; };
/* End PBXBuildFile section */

/* Begin PBXFileReference section */
		096062C21D86AC2B009336DA /* App_internacionalizacion.app */ = {isa = PBXFileReference; explicitFileType = wrapper.application; includeInIndex = 0; path = App_internacionalizacion.app; sourceTree = BUILT_PRODUCTS_DIR; };
		096062C51D86AC2B009336DA /* AppDelegate.swift */ = {isa = PBXFileReference; lastKnownFileType = sourcecode.swift; path = AppDelegate.swift; sourceTree = "<group>"; };
		096062C71D86AC2B009336DA /* ViewController.swift */ = {isa = PBXFileReference; lastKnownFileType = sourcecode.swift; path = ViewController.swift; sourceTree = "<group>"; };
		096062CA1D86AC2B009336DA /* Base */ = {isa = PBXFileReference; lastKnownFileType = file.storyboard; name = Base; path = Base.lproj/Main.storyboard; sourceTree = "<group>"; };
		096062CC1D86AC2B009336DA /* Assets.xcassets */ = {isa = PBXFileReference; lastKnownFileType = folder.assetcatalog; path = Assets.xcassets; sourceTree = "<group>"; };
		096062CF1D86AC2B009336DA /* Base */ = {isa = PBXFileReference; lastKnownFileType = file.storyboard; name = Base; path = Base.lproj/LaunchScreen.storyboard; sourceTree = "<group>"; };
		096062D11D86AC2B009336DA /* Info.plist */ = {isa = PBXFileReference; lastKnownFileType = text.plist.xml; path = Info.plist; sourceTree = "<group>"; };
		096062D81D86AFD1009336DA /* fr */ = {isa = PBXFileReference; lastKnownFileType = text.plist.strings; name = fr; path = fr.lproj/LaunchScreen.strings; sourceTree = "<group>"; };
		096062DB1D86B0D9009336DA /* fr */ = {isa = PBXFileReference; lastKnownFileType = file.storyboard; name = fr; path = fr.lproj/Main.storyboard; sourceTree = "<group>"; };
/* End PBXFileReference section */

/* Begin PBXFrameworksBuildPhase section */
		096062BF1D86AC2B009336DA /* Frameworks */ = {
			isa = PBXFrameworksBuildPhase;
			buildActionMask = 2147483647;
			files = (
			);
			runOnlyForDeploymentPostprocessing = 0;
		};
/* End PBXFrameworksBuildPhase section */

/* Begin PBXGroup section */
		096062B91D86AC2B009336DA = {
			isa = PBXGroup;
			children = (
				096062C41D86AC2B009336DA /* App_internacionalizacion */,
				096062C31D86AC2B009336DA /* Products */,
			);
			sourceTree = "<group>";
		};
		096062C31D86AC2B009336DA /* Products */ = {
			isa = PBXGroup;
			children = (
				096062C21D86AC2B009336DA /* App_internacionalizacion.app */,
			);
			name = Products;
			sourceTree = "<group>";
		};
		096062C41D86AC2B009336DA /* App_internacionalizacion */ = {
			isa = PBXGroup;
			children = (
				096062C51D86AC2B009336DA /* AppDelegate.swift */,
				096062C71D86AC2B009336DA /* ViewController.swift */,
				096062C91D86AC2B009336DA /* Main.storyboard */,
				096062CC1D86AC2B009336DA /* Assets.xcassets */,
				096062CE1D86AC2B009336DA /* LaunchScreen.storyboard */,
				096062D11D86AC2B009336DA /* Info.plist */,
			);
			path = App_internacionalizacion;
			sourceTree = "<group>";
		};
/* End PBXGroup section */

/* Begin PBXNativeTarget section */
		096062C11D86AC2B009336DA /* App_internacionalizacion */ = {
			isa = PBXNativeTarget;
			buildConfigurationList = 096062D41D86AC2B009336DA /* Build configuration list for PBXNativeTarget "App_internacionalizacion" */;
			buildPhases = (
				096062BE1D86AC2B009336DA /* Sources */,
				096062BF1D86AC2B009336DA /* Frameworks */,
				096062C01D86AC2B009336DA /* Resources */,
			);
			buildRules = (
			);
			dependencies = (
			);
			name = App_internacionalizacion;
			productName = App_internacionalizacion;
			productReference = 096062C21D86AC2B009336DA /* App_internacionalizacion.app */;
			productType = "com.apple.product-type.application";
		};
/* End PBXNativeTarget section */

/* Begin PBXProject section */
		096062BA1D86AC2B009336DA /* Project object */ = {
			isa = PBXProject;
			attributes = {
				LastSwiftUpdateCheck = 0730;
				LastUpgradeCheck = 0730;
				ORGANIZATIONNAME = cice;
				TargetAttributes = {
					096062C11D86AC2B009336DA = {
						CreatedOnToolsVersion = 7.3;
					};
				};
			};
			buildConfigurationList = 096062BD1D86AC2B009336DA /* Build configuration list for PBXProject "App_internacionalizacion" */;
			compatibilityVersion = "Xcode 3.2";
			developmentRegion = English;
			hasScannedForEncodings = 0;
			knownRegions = (
				en,
				Base,
			);
			mainGroup = 096062B91D86AC2B009336DA;
			productRefGroup = 096062C31D86AC2B009336DA /* Products */;
			projectDirPath = "";
			projectRoot = "";
			targets = (
				096062C11D86AC2B009336DA /* App_internacionalizacion */,
			);
		};
/* End PBXProject section */

/* Begin PBXResourcesBuildPhase section */
		096062C01D86AC2B009336DA /* Resources */ = {
			isa = PBXResourcesBuildPhase;
			buildActionMask = 2147483647;
			files = (
				096062D01D86AC2B009336DA /* LaunchScreen.storyboard in Resources */,
				096062CD1D86AC2B009336DA /* Assets.xcassets in Resources */,
				096062CB1D86AC2B009336DA /* Main.storyboard in Resources */,
			);
			runOnlyForDeploymentPostprocessing = 0;
		};
/* End PBXResourcesBuildPhase section */

/* Begin PBXSourcesBuildPhase section */
		096062BE1D86AC2B009336DA /* Sources */ = {
			isa = PBXSourcesBuildPhase;
			buildActionMask = 2147483647;
			files = (
				096062C81D86AC2B009336DA /* ViewController.swift in Sources */,
				096062C61D86AC2B009336DA /* AppDelegate.swift in Sources */,
			);
			runOnlyForDeploymentPostprocessing = 0;
		};
/* End PBXSourcesBuildPhase section */

/* Begin PBXVariantGroup section */
		096062C91D86AC2B009336DA /* Main.storyboard */ = {
			isa = PBXVariantGroup;
			children = (
				096062CA1D86AC2B009336DA /* Base */,
				096062DB1D86B0D9009336DA /* fr */,
			);
			name = Main.storyboard;
			sourceTree = "<group>";
		};
		096062CE1D86AC2B009336DA /* LaunchScreen.storyboard */ = {
			isa = PBXVariantGroup;
			children = (
				096062CF1D86AC2B009336DA /* Base */,
				096062D81D86AFD1009336DA /* fr */,
			);
			name = LaunchScreen.storyboard;
			sourceTree = "<group>";
		};
/* End PBXVariantGroup section */

/* Begin XCBuildConfiguration section */
		096062D21D86AC2B009336DA /* Debug */ = {
			isa = XCBuildConfiguration;
			buildSettings = {
				ALWAYS_SEARCH_USER_PATHS = NO;
				CLANG_ANALYZER_NONNULL = YES;
				CLANG_CXX_LANGUAGE_STANDARD = "gnu++0x";
				CLANG_CXX_LIBRARY = "libc++";
				CLANG_ENABLE_MODULES = YES;
				CLANG_ENABLE_OBJC_ARC = YES;
				CLANG_WARN_BOOL_CONVERSION = YES;
				CLANG_WARN_CONSTANT_CONVERSION = YES;
				CLANG_WARN_DIRECT_OBJC_ISA_USAGE = YES_ERROR;
				CLANG_WARN_EMPTY_BODY = YES;
				CLANG_WARN_ENUM_CONVERSION = YES;
				CLANG_WARN_INT_CONVERSION = YES;
				CLANG_WARN_OBJC_ROOT_CLASS = YES_ERROR;
				CLANG_WARN_UNREACHABLE_CODE = YES;
				CLANG_WARN__DUPLICATE_METHOD_MATCH = YES;
				"CODE_SIGN_IDENTITY[sdk=iphoneos*]" = "iPhone Developer";
				COPY_PHASE_STRIP = NO;
				DEBUG_INFORMATION_FORMAT = dwarf;
				ENABLE_STRICT_OBJC_MSGSEND = YES;
				ENABLE_TESTABILITY = YES;
				GCC_C_LANGUAGE_STANDARD = gnu99;
				GCC_DYNAMIC_NO_PIC = NO;
				GCC_NO_COMMON_BLOCKS = YES;
				GCC_OPTIMIZATION_LEVEL = 0;
				GCC_PREPROCESSOR_DEFINITIONS = (
					"DEBUG=1",
					"$(inherited)",
				);
				GCC_WARN_64_TO_32_BIT_CONVERSION = YES;
				GCC_WARN_ABOUT_RETURN_TYPE = YES_ERROR;
				GCC_WARN_UNDECLARED_SELECTOR = YES;
				GCC_WARN_UNINITIALIZED_AUTOS = YES_AGGRESSIVE;
				GCC_WARN_UNUSED_FUNCTION = YES;
				GCC_WARN_UNUSED_VARIABLE = YES;
				IPHONEOS_DEPLOYMENT_TARGET = 9.3;
				MTL_ENABLE_DEBUG_INFO = YES;
				ONLY_ACTIVE_ARCH = YES;
				SDKROOT = iphoneos;
				SWIFT_OPTIMIZATION_LEVEL = "-Onone";
			};
			name = Debug;
		};
		096062D31D86AC2B009336DA /* Release */ = {
			isa = XCBuildConfiguration;
			buildSettings = {
				ALWAYS_SEARCH_USER_PATHS = NO;
				CLANG_ANALYZER_NONNULL = YES;
				CLANG_CXX_LANGUAGE_STANDARD = "gnu++0x";
				CLANG_CXX_LIBRARY = "libc++";
				CLANG_ENABLE_MODULES = YES;
				CLANG_ENABLE_OBJC_ARC = YES;
				CLANG_WARN_BOOL_CONVERSION = YES;
				CLANG_WARN_CONSTANT_CONVERSION = YES;
				CLANG_WARN_DIRECT_OBJC_ISA_USAGE = YES_ERROR;
				CLANG_WARN_EMPTY_BODY = YES;
				CLANG_WARN_ENUM_CONVERSION = YES;
				CLANG_WARN_INT_CONVERSION = YES;
				CLANG_WARN_OBJC_ROOT_CLASS = YES_ERROR;
				CLANG_WARN_UNREACHABLE_CODE = YES;
				CLANG_WARN__DUPLICATE_METHOD_MATCH = YES;
				"CODE_SIGN_IDENTITY[sdk=iphoneos*]" = "iPhone Developer";
				COPY_PHASE_STRIP = NO;
				DEBUG_INFORMATION_FORMAT = "dwarf-with-dsym";
				ENABLE_NS_ASSERTIONS = NO;
				ENABLE_STRICT_OBJC_MSGSEND = YES;
				GCC_C_LANGUAGE_STANDARD = gnu99;
				GCC_NO_COMMON_BLOCKS = YES;
				GCC_WARN_64_TO_32_BIT_CONVERSION = YES;
				GCC_WARN_ABOUT_RETURN_TYPE = YES_ERROR;
				GCC_WARN_UNDECLARED_SELECTOR = YES;
				GCC_WARN_UNINITIALIZED_AUTOS = YES_AGGRESSIVE;
				GCC_WARN_UNUSED_FUNCTION = YES;
				GCC_WARN_UNUSED_VARIABLE = YES;
				IPHONEOS_DEPLOYMENT_TARGET = 9.3;
				MTL_ENABLE_DEBUG_INFO = NO;
				SDKROOT = iphoneos;
				VALIDATE_PRODUCT = YES;
			};
			name = Release;
		};
		096062D51D86AC2B009336DA /* Debug */ = {
			isa = XCBuildConfiguration;
			buildSettings = {
				ASSETCATALOG_COMPILER_APPICON_NAME = AppIcon;
				INFOPLIST_FILE = App_internacionalizacion/Info.plist;
				LD_RUNPATH_SEARCH_PATHS = "$(inherited) @executable_path/Frameworks";
				PRODUCT_BUNDLE_IDENTIFIER = "com.cice.App-internacionalizacion";
				PRODUCT_NAME = "$(TARGET_NAME)";
			};
			name = Debug;
		};
		096062D61D86AC2B009336DA /* Release */ = {
			isa = XCBuildConfiguration;
			buildSettings = {
				ASSETCATALOG_COMPILER_APPICON_NAME = AppIcon;
				INFOPLIST_FILE = App_internacionalizacion/Info.plist;
				LD_RUNPATH_SEARCH_PATHS = "$(inherited) @executable_path/Frameworks";
				PRODUCT_BUNDLE_IDENTIFIER = "com.cice.App-internacionalizacion";
				PRODUCT_NAME = "$(TARGET_NAME)";
			};
			name = Release;
		};
/* End XCBuildConfiguration section */

/* Begin XCConfigurationList section */
		096062BD1D86AC2B009336DA /* Build configuration list for PBXProject "App_internacionalizacion" */ = {
			isa = XCConfigurationList;
			buildConfigurations = (
				096062D21D86AC2B009336DA /* Debug */,
				096062D31D86AC2B009336DA /* Release */,
			);
			defaultConfigurationIsVisible = 0;
			defaultConfigurationName = Release;
		};
		096062D41D86AC2B009336DA /* Build configuration list for PBXNativeTarget "App_internacionalizacion" */ = {
			isa = XCConfigurationList;
			buildConfigurations = (
				096062D51D86AC2B009336DA /* Debug */,
				096062D61D86AC2B009336DA /* Release */,
			);
			defaultConfigurationIsVisible = 0;
		};
/* End XCConfigurationList section */
	};
	rootObject = 096062BA1D86AC2B009336DA /* Project object */;
}
